// !$*UTF8*$!
{
	archiveVersion = 1;
	classes = {
	};
	objectVersion = 55;
	objects = {

/* Begin PBXBuildFile section */
		22C793E4271A713D00196C2E /* AppDelegate.swift in Sources */ = {isa = PBXBuildFile; fileRef = 22C793E3271A713D00196C2E /* AppDelegate.swift */; };
		22C793E6271A713D00196C2E /* SceneDelegate.swift in Sources */ = {isa = PBXBuildFile; fileRef = 22C793E5271A713D00196C2E /* SceneDelegate.swift */; };
		22C793E8271A713D00196C2E /* AnimalViewController.swift in Sources */ = {isa = PBXBuildFile; fileRef = 22C793E7271A713D00196C2E /* AnimalViewController.swift */; };
		22C793EB271A713D00196C2E /* Main.storyboard in Resources */ = {isa = PBXBuildFile; fileRef = 22C793E9271A713D00196C2E /* Main.storyboard */; };
		22C793ED271A713E00196C2E /* Assets.xcassets in Resources */ = {isa = PBXBuildFile; fileRef = 22C793EC271A713E00196C2E /* Assets.xcassets */; };
		22C793F0271A713E00196C2E /* LaunchScreen.storyboard in Resources */ = {isa = PBXBuildFile; fileRef = 22C793EE271A713E00196C2E /* LaunchScreen.storyboard */; };
		22C793FC271A724900196C2E /* Animal.swift in Sources */ = {isa = PBXBuildFile; fileRef = 22C793FB271A724900196C2E /* Animal.swift */; };
		22C79400271A72B100196C2E /* AnimalTableViewCell.swift in Sources */ = {isa = PBXBuildFile; fileRef = 22C793FE271A72B000196C2E /* AnimalTableViewCell.swift */; };
		22C79401271A72B100196C2E /* AnimalTableViewCell.xib in Resources */ = {isa = PBXBuildFile; fileRef = 22C793FF271A72B000196C2E /* AnimalTableViewCell.xib */; };
		22C79403271A746900196C2E /* AnimalViewModel.swift in Sources */ = {isa = PBXBuildFile; fileRef = 22C79402271A746900196C2E /* AnimalViewModel.swift */; };
		22C79408271A760E00196C2E /* UIImageView+Extensions.swift in Sources */ = {isa = PBXBuildFile; fileRef = 22C79405271A760E00196C2E /* UIImageView+Extensions.swift */; };
		22C79409271A760E00196C2E /* UIColor+Extensions.swift in Sources */ = {isa = PBXBuildFile; fileRef = 22C79406271A760E00196C2E /* UIColor+Extensions.swift */; };
		22C7940A271A760E00196C2E /* CGFloat+Extensions.swift in Sources */ = {isa = PBXBuildFile; fileRef = 22C79407271A760E00196C2E /* CGFloat+Extensions.swift */; };
/* End PBXBuildFile section */

/* Begin PBXFileReference section */
		22C793E0271A713D00196C2E /* DemoMVVM.app */ = {isa = PBXFileReference; explicitFileType = wrapper.application; includeInIndex = 0; path = DemoMVVM.app; sourceTree = BUILT_PRODUCTS_DIR; };
		22C793E3271A713D00196C2E /* AppDelegate.swift */ = {isa = PBXFileReference; lastKnownFileType = sourcecode.swift; path = AppDelegate.swift; sourceTree = "<group>"; };
		22C793E5271A713D00196C2E /* SceneDelegate.swift */ = {isa = PBXFileReference; lastKnownFileType = sourcecode.swift; path = SceneDelegate.swift; sourceTree = "<group>"; };
		22C793E7271A713D00196C2E /* AnimalViewController.swift */ = {isa = PBXFileReference; lastKnownFileType = sourcecode.swift; path = AnimalViewController.swift; sourceTree = "<group>"; };
		22C793EA271A713D00196C2E /* Base */ = {isa = PBXFileReference; lastKnownFileType = file.storyboard; name = Base; path = Base.lproj/Main.storyboard; sourceTree = "<group>"; };
		22C793EC271A713E00196C2E /* Assets.xcassets */ = {isa = PBXFileReference; lastKnownFileType = folder.assetcatalog; path = Assets.xcassets; sourceTree = "<group>"; };
		22C793EF271A713E00196C2E /* Base */ = {isa = PBXFileReference; lastKnownFileType = file.storyboard; name = Base; path = Base.lproj/LaunchScreen.storyboard; sourceTree = "<group>"; };
		22C793F1271A713E00196C2E /* Info.plist */ = {isa = PBXFileReference; lastKnownFileType = text.plist.xml; path = Info.plist; sourceTree = "<group>"; };
		22C793FB271A724900196C2E /* Animal.swift */ = {isa = PBXFileReference; lastKnownFileType = sourcecode.swift; path = Animal.swift; sourceTree = "<group>"; };
		22C793FE271A72B000196C2E /* AnimalTableViewCell.swift */ = {isa = PBXFileReference; lastKnownFileType = sourcecode.swift; path = AnimalTableViewCell.swift; sourceTree = "<group>"; };
		22C793FF271A72B000196C2E /* AnimalTableViewCell.xib */ = {isa = PBXFileReference; lastKnownFileType = file.xib; path = AnimalTableViewCell.xib; sourceTree = "<group>"; };
		22C79402271A746900196C2E /* AnimalViewModel.swift */ = {isa = PBXFileReference; lastKnownFileType = sourcecode.swift; path = AnimalViewModel.swift; sourceTree = "<group>"; };
		22C79405271A760E00196C2E /* UIImageView+Extensions.swift */ = {isa = PBXFileReference; fileEncoding = 4; lastKnownFileType = sourcecode.swift; path = "UIImageView+Extensions.swift"; sourceTree = "<group>"; };
		22C79406271A760E00196C2E /* UIColor+Extensions.swift */ = {isa = PBXFileReference; fileEncoding = 4; lastKnownFileType = sourcecode.swift; path = "UIColor+Extensions.swift"; sourceTree = "<group>"; };
		22C79407271A760E00196C2E /* CGFloat+Extensions.swift */ = {isa = PBXFileReference; fileEncoding = 4; lastKnownFileType = sourcecode.swift; path = "CGFloat+Extensions.swift"; sourceTree = "<group>"; };
/* End PBXFileReference section */

/* Begin PBXFrameworksBuildPhase section */
		22C793DD271A713D00196C2E /* Frameworks */ = {
			isa = PBXFrameworksBuildPhase;
			buildActionMask = 2147483647;
			files = (
			);
			runOnlyForDeploymentPostprocessing = 0;
		};
/* End PBXFrameworksBuildPhase section */

/* Begin PBXGroup section */
		22C793D7271A713D00196C2E = {
			isa = PBXGroup;
			children = (
				22C793E2271A713D00196C2E /* DemoMVVM */,
				22C793E1271A713D00196C2E /* Products */,
			);
			sourceTree = "<group>";
		};
		22C793E1271A713D00196C2E /* Products */ = {
			isa = PBXGroup;
			children = (
				22C793E0271A713D00196C2E /* DemoMVVM.app */,
			);
			name = Products;
			sourceTree = "<group>";
		};
		22C793E2271A713D00196C2E /* DemoMVVM */ = {
			isa = PBXGroup;
			children = (
				22C79404271A760E00196C2E /* Extensions */,
				22C793FA271A721C00196C2E /* ViewModels */,
				22C793F9271A721500196C2E /* Models */,
				22C793F8271A720300196C2E /* App */,
				22C793F7271A71EA00196C2E /* Views */,
				22C793EC271A713E00196C2E /* Assets.xcassets */,
				22C793EE271A713E00196C2E /* LaunchScreen.storyboard */,
				22C793F1271A713E00196C2E /* Info.plist */,
			);
			path = DemoMVVM;
			sourceTree = "<group>";
		};
		22C793F7271A71EA00196C2E /* Views */ = {
			isa = PBXGroup;
			children = (
				22C793FD271A729D00196C2E /* Cells */,
				22C793E7271A713D00196C2E /* AnimalViewController.swift */,
				22C793E9271A713D00196C2E /* Main.storyboard */,
			);
			path = Views;
			sourceTree = "<group>";
		};
		22C793F8271A720300196C2E /* App */ = {
			isa = PBXGroup;
			children = (
				22C793E3271A713D00196C2E /* AppDelegate.swift */,
				22C793E5271A713D00196C2E /* SceneDelegate.swift */,
			);
			path = App;
			sourceTree = "<group>";
		};
		22C793F9271A721500196C2E /* Models */ = {
			isa = PBXGroup;
			children = (
				22C793FB271A724900196C2E /* Animal.swift */,
			);
			path = Models;
			sourceTree = "<group>";
		};
		22C793FA271A721C00196C2E /* ViewModels */ = {
			isa = PBXGroup;
			children = (
				22C79402271A746900196C2E /* AnimalViewModel.swift */,
			);
			path = ViewModels;
			sourceTree = "<group>";
		};
		22C793FD271A729D00196C2E /* Cells */ = {
			isa = PBXGroup;
			children = (
				22C793FE271A72B000196C2E /* AnimalTableViewCell.swift */,
				22C793FF271A72B000196C2E /* AnimalTableViewCell.xib */,
			);
			path = Cells;
			sourceTree = "<group>";
		};
		22C79404271A760E00196C2E /* Extensions */ = {
			isa = PBXGroup;
			children = (
				22C79405271A760E00196C2E /* UIImageView+Extensions.swift */,
				22C79406271A760E00196C2E /* UIColor+Extensions.swift */,
				22C79407271A760E00196C2E /* CGFloat+Extensions.swift */,
			);
			path = Extensions;
			sourceTree = "<group>";
		};
/* End PBXGroup section */

/* Begin PBXNativeTarget section */
		22C793DF271A713D00196C2E /* DemoMVVM */ = {
			isa = PBXNativeTarget;
			buildConfigurationList = 22C793F4271A713E00196C2E /* Build configuration list for PBXNativeTarget "DemoMVVM" */;
			buildPhases = (
				22C793DC271A713D00196C2E /* Sources */,
				22C793DD271A713D00196C2E /* Frameworks */,
				22C793DE271A713D00196C2E /* Resources */,
			);
			buildRules = (
			);
			dependencies = (
			);
			name = DemoMVVM;
			productName = DemoMVVM;
			productReference = 22C793E0271A713D00196C2E /* DemoMVVM.app */;
			productType = "com.apple.product-type.application";
		};
/* End PBXNativeTarget section */

/* Begin PBXProject section */
		22C793D8271A713D00196C2E /* Project object */ = {
			isa = PBXProject;
			attributes = {
				BuildIndependentTargetsInParallel = 1;
				LastSwiftUpdateCheck = 1300;
				LastUpgradeCheck = 1300;
				TargetAttributes = {
					22C793DF271A713D00196C2E = {
						CreatedOnToolsVersion = 13.0;
					};
				};
			};
			buildConfigurationList = 22C793DB271A713D00196C2E /* Build configuration list for PBXProject "DemoMVVM" */;
			compatibilityVersion = "Xcode 13.0";
			developmentRegion = en;
			hasScannedForEncodings = 0;
			knownRegions = (
				en,
				Base,
			);
			mainGroup = 22C793D7271A713D00196C2E;
			productRefGroup = 22C793E1271A713D00196C2E /* Products */;
			projectDirPath = "";
			projectRoot = "";
			targets = (
				22C793DF271A713D00196C2E /* DemoMVVM */,
			);
		};
/* End PBXProject section */

/* Begin PBXResourcesBuildPhase section */
		22C793DE271A713D00196C2E /* Resources */ = {
			isa = PBXResourcesBuildPhase;
			buildActionMask = 2147483647;
			files = (
				22C793F0271A713E00196C2E /* LaunchScreen.storyboard in Resources */,
				22C79401271A72B100196C2E /* AnimalTableViewCell.xib in Resources */,
				22C793ED271A713E00196C2E /* Assets.xcassets in Resources */,
				22C793EB271A713D00196C2E /* Main.storyboard in Resources */,
			);
			runOnlyForDeploymentPostprocessing = 0;
		};
/* End PBXResourcesBuildPhase section */

/* Begin PBXSourcesBuildPhase section */
		22C793DC271A713D00196C2E /* Sources */ = {
			isa = PBXSourcesBuildPhase;
			buildActionMask = 2147483647;
			files = (
				22C793E8271A713D00196C2E /* AnimalViewController.swift in Sources */,
				22C7940A271A760E00196C2E /* CGFloat+Extensions.swift in Sources */,
				22C79408271A760E00196C2E /* UIImageView+Extensions.swift in Sources */,
				22C793FC271A724900196C2E /* Animal.swift in Sources */,
				22C79409271A760E00196C2E /* UIColor+Extensions.swift in Sources */,
				22C79403271A746900196C2E /* AnimalViewModel.swift in Sources */,
				22C793E4271A713D00196C2E /* AppDelegate.swift in Sources */,
				22C79400271A72B100196C2E /* AnimalTableViewCell.swift in Sources */,
				22C793E6271A713D00196C2E /* SceneDelegate.swift in Sources */,
			);
			runOnlyForDeploymentPostprocessing = 0;
		};
/* End PBXSourcesBuildPhase section */

/* Begin PBXVariantGroup section */
		22C793E9271A713D00196C2E /* Main.storyboard */ = {
			isa = PBXVariantGroup;
			children = (
				22C793EA271A713D00196C2E /* Base */,
			);
			name = Main.storyboard;
			sourceTree = "<group>";
		};
		22C793EE271A713E00196C2E /* LaunchScreen.storyboard */ = {
			isa = PBXVariantGroup;
			children = (
				22C793EF271A713E00196C2E /* Base */,
			);
			name = LaunchScreen.storyboard;
			sourceTree = "<group>";
		};
/* End PBXVariantGroup section */

/* Begin XCBuildConfiguration section */
		22C793F2271A713E00196C2E /* Debug */ = {
			isa = XCBuildConfiguration;
			buildSettings = {
				ALWAYS_SEARCH_USER_PATHS = NO;
				CLANG_ANALYZER_NONNULL = YES;
				CLANG_ANALYZER_NUMBER_OBJECT_CONVERSION = YES_AGGRESSIVE;
				CLANG_CXX_LANGUAGE_STANDARD = "gnu++17";
				CLANG_CXX_LIBRARY = "libc++";
				CLANG_ENABLE_MODULES = YES;
				CLANG_ENABLE_OBJC_ARC = YES;
				CLANG_ENABLE_OBJC_WEAK = YES;
				CLANG_WARN_BLOCK_CAPTURE_AUTORELEASING = YES;
				CLANG_WARN_BOOL_CONVERSION = YES;
				CLANG_WARN_COMMA = YES;
				CLANG_WARN_CONSTANT_CONVERSION = YES;
				CLANG_WARN_DEPRECATED_OBJC_IMPLEMENTATIONS = YES;
				CLANG_WARN_DIRECT_OBJC_ISA_USAGE = YES_ERROR;
				CLANG_WARN_DOCUMENTATION_COMMENTS = YES;
				CLANG_WARN_EMPTY_BODY = YES;
				CLANG_WARN_ENUM_CONVERSION = YES;
				CLANG_WARN_INFINITE_RECURSION = YES;
				CLANG_WARN_INT_CONVERSION = YES;
				CLANG_WARN_NON_LITERAL_NULL_CONVERSION = YES;
				CLANG_WARN_OBJC_IMPLICIT_RETAIN_SELF = YES;
				CLANG_WARN_OBJC_LITERAL_CONVERSION = YES;
				CLANG_WARN_OBJC_ROOT_CLASS = YES_ERROR;
				CLANG_WARN_QUOTED_INCLUDE_IN_FRAMEWORK_HEADER = YES;
				CLANG_WARN_RANGE_LOOP_ANALYSIS = YES;
				CLANG_WARN_STRICT_PROTOTYPES = YES;
				CLANG_WARN_SUSPICIOUS_MOVE = YES;
				CLANG_WARN_UNGUARDED_AVAILABILITY = YES_AGGRESSIVE;
				CLANG_WARN_UNREACHABLE_CODE = YES;
				CLANG_WARN__DUPLICATE_METHOD_MATCH = YES;
				COPY_PHASE_STRIP = NO;
				DEBUG_INFORMATION_FORMAT = dwarf;
				ENABLE_STRICT_OBJC_MSGSEND = YES;
				ENABLE_TESTABILITY = YES;
				GCC_C_LANGUAGE_STANDARD = gnu11;
				GCC_DYNAMIC_NO_PIC = NO;
				GCC_NO_COMMON_BLOCKS = YES;
				GCC_OPTIMIZATION_LEVEL = 0;
				GCC_PREPROCESSOR_DEFINITIONS = (
					"DEBUG=1",
					"$(inherited)",
				);
				GCC_WARN_64_TO_32_BIT_CONVERSION = YES;
				GCC_WARN_ABOUT_RETURN_TYPE = YES_ERROR;
				GCC_WARN_UNDECLARED_SELECTOR = YES;
				GCC_WARN_UNINITIALIZED_AUTOS = YES_AGGRESSIVE;
				GCC_WARN_UNUSED_FUNCTION = YES;
				GCC_WARN_UNUSED_VARIABLE = YES;
				IPHONEOS_DEPLOYMENT_TARGET = 15.0;
				MTL_ENABLE_DEBUG_INFO = INCLUDE_SOURCE;
				MTL_FAST_MATH = YES;
				ONLY_ACTIVE_ARCH = YES;
				SDKROOT = iphoneos;
				SWIFT_ACTIVE_COMPILATION_CONDITIONS = DEBUG;
				SWIFT_OPTIMIZATION_LEVEL = "-Onone";
			};
			name = Debug;
		};
		22C793F3271A713E00196C2E /* Release */ = {
			isa = XCBuildConfiguration;
			buildSettings = {
				ALWAYS_SEARCH_USER_PATHS = NO;
				CLANG_ANALYZER_NONNULL = YES;
				CLANG_ANALYZER_NUMBER_OBJECT_CONVERSION = YES_AGGRESSIVE;
				CLANG_CXX_LANGUAGE_STANDARD = "gnu++17";
				CLANG_CXX_LIBRARY = "libc++";
				CLANG_ENABLE_MODULES = YES;
				CLANG_ENABLE_OBJC_ARC = YES;
				CLANG_ENABLE_OBJC_WEAK = YES;
				CLANG_WARN_BLOCK_CAPTURE_AUTORELEASING = YES;
				CLANG_WARN_BOOL_CONVERSION = YES;
				CLANG_WARN_COMMA = YES;
				CLANG_WARN_CONSTANT_CONVERSION = YES;
				CLANG_WARN_DEPRECATED_OBJC_IMPLEMENTATIONS = YES;
				CLANG_WARN_DIRECT_OBJC_ISA_USAGE = YES_ERROR;
				CLANG_WARN_DOCUMENTATION_COMMENTS = YES;
				CLANG_WARN_EMPTY_BODY = YES;
				CLANG_WARN_ENUM_CONVERSION = YES;
				CLANG_WARN_INFINITE_RECURSION = YES;
				CLANG_WARN_INT_CONVERSION = YES;
				CLANG_WARN_NON_LITERAL_NULL_CONVERSION = YES;
				CLANG_WARN_OBJC_IMPLICIT_RETAIN_SELF = YES;
				CLANG_WARN_OBJC_LITERAL_CONVERSION = YES;
				CLANG_WARN_OBJC_ROOT_CLASS = YES_ERROR;
				CLANG_WARN_QUOTED_INCLUDE_IN_FRAMEWORK_HEADER = YES;
				CLANG_WARN_RANGE_LOOP_ANALYSIS = YES;
				CLANG_WARN_STRICT_PROTOTYPES = YES;
				CLANG_WARN_SUSPICIOUS_MOVE = YES;
				CLANG_WARN_UNGUARDED_AVAILABILITY = YES_AGGRESSIVE;
				CLANG_WARN_UNREACHABLE_CODE = YES;
				CLANG_WARN__DUPLICATE_METHOD_MATCH = YES;
				COPY_PHASE_STRIP = NO;
				DEBUG_INFORMATION_FORMAT = "dwarf-with-dsym";
				ENABLE_NS_ASSERTIONS = NO;
				ENABLE_STRICT_OBJC_MSGSEND = YES;
				GCC_C_LANGUAGE_STANDARD = gnu11;
				GCC_NO_COMMON_BLOCKS = YES;
				GCC_WARN_64_TO_32_BIT_CONVERSION = YES;
				GCC_WARN_ABOUT_RETURN_TYPE = YES_ERROR;
				GCC_WARN_UNDECLARED_SELECTOR = YES;
				GCC_WARN_UNINITIALIZED_AUTOS = YES_AGGRESSIVE;
				GCC_WARN_UNUSED_FUNCTION = YES;
				GCC_WARN_UNUSED_VARIABLE = YES;
				IPHONEOS_DEPLOYMENT_TARGET = 15.0;
				MTL_ENABLE_DEBUG_INFO = NO;
				MTL_FAST_MATH = YES;
				SDKROOT = iphoneos;
				SWIFT_COMPILATION_MODE = wholemodule;
				SWIFT_OPTIMIZATION_LEVEL = "-O";
				VALIDATE_PRODUCT = YES;
			};
			name = Release;
		};
		22C793F5271A713E00196C2E /* Debug */ = {
			isa = XCBuildConfiguration;
			buildSettings = {
				ASSETCATALOG_COMPILER_APPICON_NAME = AppIcon;
				ASSETCATALOG_COMPILER_GLOBAL_ACCENT_COLOR_NAME = AccentColor;
				CODE_SIGN_STYLE = Automatic;
				CURRENT_PROJECT_VERSION = 1;
				GENERATE_INFOPLIST_FILE = YES;
				INFOPLIST_FILE = DemoMVVM/Info.plist;
				INFOPLIST_KEY_UIApplicationSupportsIndirectInputEvents = YES;
				INFOPLIST_KEY_UILaunchStoryboardName = LaunchScreen;
				INFOPLIST_KEY_UIMainStoryboardFile = Main;
				INFOPLIST_KEY_UISupportedInterfaceOrientations_iPad = "UIInterfaceOrientationPortrait UIInterfaceOrientationPortraitUpsideDown UIInterfaceOrientationLandscapeLeft UIInterfaceOrientationLandscapeRight";
				INFOPLIST_KEY_UISupportedInterfaceOrientations_iPhone = "UIInterfaceOrientationPortrait UIInterfaceOrientationLandscapeLeft UIInterfaceOrientationLandscapeRight";
				LD_RUNPATH_SEARCH_PATHS = (
					"$(inherited)",
					"@executable_path/Frameworks",
				);
				MARKETING_VERSION = 1.0;
				PRODUCT_BUNDLE_IDENTIFIER = codetoanbug.com.DemoMVVM;
				PRODUCT_NAME = "$(TARGET_NAME)";
				SWIFT_EMIT_LOC_STRINGS = YES;
				SWIFT_VERSION = 5.0;
				TARGETED_DEVICE_FAMILY = "1,2";
			};
			name = Debug;
		};
		22C793F6271A713E00196C2E /* Release */ = {
			isa = XCBuildConfiguration;
			buildSettings = {
				ASSETCATALOG_COMPILER_APPICON_NAME = AppIcon;
				ASSETCATALOG_COMPILER_GLOBAL_ACCENT_COLOR_NAME = AccentColor;
				CODE_SIGN_STYLE = Automatic;
				CURRENT_PROJECT_VERSION = 1;
				GENERATE_INFOPLIST_FILE = YES;
				INFOPLIST_FILE = DemoMVVM/Info.plist;
				INFOPLIST_KEY_UIApplicationSupportsIndirectInputEvents = YES;
				INFOPLIST_KEY_UILaunchStoryboardName = LaunchScreen;
				INFOPLIST_KEY_UIMainStoryboardFile = Main;
				INFOPLIST_KEY_UISupportedInterfaceOrientations_iPad = "UIInterfaceOrientationPortrait UIInterfaceOrientationPortraitUpsideDown UIInterfaceOrientationLandscapeLeft UIInterfaceOrientationLandscapeRight";
				INFOPLIST_KEY_UISupportedInterfaceOrientations_iPhone = "UIInterfaceOrientationPortrait UIInterfaceOrientationLandscapeLeft UIInterfaceOrientationLandscapeRight";
				LD_RUNPATH_SEARCH_PATHS = (
					"$(inherited)",
					"@executable_path/Frameworks",
				);
				MARKETING_VERSION = 1.0;
				PRODUCT_BUNDLE_IDENTIFIER = codetoanbug.com.DemoMVVM;
				PRODUCT_NAME = "$(TARGET_NAME)";
				SWIFT_EMIT_LOC_STRINGS = YES;
				SWIFT_VERSION = 5.0;
				TARGETED_DEVICE_FAMILY = "1,2";
			};
			name = Release;
		};
/* End XCBuildConfiguration section */

/* Begin XCConfigurationList section */
		22C793DB271A713D00196C2E /* Build configuration list for PBXProject "DemoMVVM" */ = {
			isa = XCConfigurationList;
			buildConfigurations = (
				22C793F2271A713E00196C2E /* Debug */,
				22C793F3271A713E00196C2E /* Release */,
			);
			defaultConfigurationIsVisible = 0;
			defaultConfigurationName = Release;
		};
		22C793F4271A713E00196C2E /* Build configuration list for PBXNativeTarget "DemoMVVM" */ = {
			isa = XCConfigurationList;
			buildConfigurations = (
				22C793F5271A713E00196C2E /* Debug */,
				22C793F6271A713E00196C2E /* Release */,
			);
			defaultConfigurationIsVisible = 0;
			defaultConfigurationName = Release;
		};
/* End XCConfigurationList section */
	};
	rootObject = 22C793D8271A713D00196C2E /* Project object */;
}
