// !$*UTF8*$!
{
	archiveVersion = 1;
	classes = {
	};
	objectVersion = 55;
	objects = {

/* Begin PBXBuildFile section */
		22880C5A2723980D00F4AB19 /* Moya in Frameworks */ = {isa = PBXBuildFile; productRef = 22880C592723980D00F4AB19 /* Moya */; };
		22880C652723988400F4AB19 /* GithubAPI.swift in Sources */ = {isa = PBXBuildFile; fileRef = 22880C5D2723988400F4AB19 /* GithubAPI.swift */; };
		22880C662723988400F4AB19 /* NetworkProvider.swift in Sources */ = {isa = PBXBuildFile; fileRef = 22880C5F2723988400F4AB19 /* NetworkProvider.swift */; };
		22880C672723988400F4AB19 /* BaseService.swift in Sources */ = {isa = PBXBuildFile; fileRef = 22880C602723988400F4AB19 /* BaseService.swift */; };
		22880C682723988400F4AB19 /* Configs.swift in Sources */ = {isa = PBXBuildFile; fileRef = 22880C612723988400F4AB19 /* Configs.swift */; };
		22880C692723988400F4AB19 /* BaseError.swift in Sources */ = {isa = PBXBuildFile; fileRef = 22880C622723988400F4AB19 /* BaseError.swift */; };
		22880C6A2723988400F4AB19 /* SearchRepositoriesResponse.json in Resources */ = {isa = PBXBuildFile; fileRef = 22880C642723988400F4AB19 /* SearchRepositoriesResponse.json */; };
		22880C722723A4AE00F4AB19 /* GithubModel.swift in Sources */ = {isa = PBXBuildFile; fileRef = 22880C712723A4AE00F4AB19 /* GithubModel.swift */; };
		22880C762723A84E00F4AB19 /* GithubViewController.swift in Sources */ = {isa = PBXBuildFile; fileRef = 22880C742723A84E00F4AB19 /* GithubViewController.swift */; };
		22880C772723A84E00F4AB19 /* GithubViewController.xib in Resources */ = {isa = PBXBuildFile; fileRef = 22880C752723A84E00F4AB19 /* GithubViewController.xib */; };
		22880C7A2723A91900F4AB19 /* MainViewController.swift in Sources */ = {isa = PBXBuildFile; fileRef = 22880C792723A91900F4AB19 /* MainViewController.swift */; };
		22880C7E2723A9B600F4AB19 /* GithubTableViewCell.swift in Sources */ = {isa = PBXBuildFile; fileRef = 22880C7C2723A9B600F4AB19 /* GithubTableViewCell.swift */; };
		22880C7F2723A9B600F4AB19 /* GithubTableViewCell.xib in Resources */ = {isa = PBXBuildFile; fileRef = 22880C7D2723A9B600F4AB19 /* GithubTableViewCell.xib */; };
		22880C822723AB9600F4AB19 /* Kingfisher in Frameworks */ = {isa = PBXBuildFile; productRef = 22880C812723AB9600F4AB19 /* Kingfisher */; };
		22880C842723AC3B00F4AB19 /* GithubViewModel.swift in Sources */ = {isa = PBXBuildFile; fileRef = 22880C832723AC3B00F4AB19 /* GithubViewModel.swift */; };
		22880C872723ADAE00F4AB19 /* GithubService.swift in Sources */ = {isa = PBXBuildFile; fileRef = 22880C862723ADAE00F4AB19 /* GithubService.swift */; };
		22C793E4271A713D00196C2E /* AppDelegate.swift in Sources */ = {isa = PBXBuildFile; fileRef = 22C793E3271A713D00196C2E /* AppDelegate.swift */; };
		22C793E6271A713D00196C2E /* SceneDelegate.swift in Sources */ = {isa = PBXBuildFile; fileRef = 22C793E5271A713D00196C2E /* SceneDelegate.swift */; };
		22C793E8271A713D00196C2E /* AnimalViewController.swift in Sources */ = {isa = PBXBuildFile; fileRef = 22C793E7271A713D00196C2E /* AnimalViewController.swift */; };
		22C793EB271A713D00196C2E /* Main.storyboard in Resources */ = {isa = PBXBuildFile; fileRef = 22C793E9271A713D00196C2E /* Main.storyboard */; };
		22C793ED271A713E00196C2E /* Assets.xcassets in Resources */ = {isa = PBXBuildFile; fileRef = 22C793EC271A713E00196C2E /* Assets.xcassets */; };
		22C793F0271A713E00196C2E /* LaunchScreen.storyboard in Resources */ = {isa = PBXBuildFile; fileRef = 22C793EE271A713E00196C2E /* LaunchScreen.storyboard */; };
		22C793FC271A724900196C2E /* Animal.swift in Sources */ = {isa = PBXBuildFile; fileRef = 22C793FB271A724900196C2E /* Animal.swift */; };
		22C79400271A72B100196C2E /* AnimalTableViewCell.swift in Sources */ = {isa = PBXBuildFile; fileRef = 22C793FE271A72B000196C2E /* AnimalTableViewCell.swift */; };
		22C79401271A72B100196C2E /* AnimalTableViewCell.xib in Resources */ = {isa = PBXBuildFile; fileRef = 22C793FF271A72B000196C2E /* AnimalTableViewCell.xib */; };
		22C79403271A746900196C2E /* AnimalViewModel.swift in Sources */ = {isa = PBXBuildFile; fileRef = 22C79402271A746900196C2E /* AnimalViewModel.swift */; };
		22C79408271A760E00196C2E /* UIImageView+Extensions.swift in Sources */ = {isa = PBXBuildFile; fileRef = 22C79405271A760E00196C2E /* UIImageView+Extensions.swift */; };
		22C79409271A760E00196C2E /* UIColor+Extensions.swift in Sources */ = {isa = PBXBuildFile; fileRef = 22C79406271A760E00196C2E /* UIColor+Extensions.swift */; };
		22C7940A271A760E00196C2E /* CGFloat+Extensions.swift in Sources */ = {isa = PBXBuildFile; fileRef = 22C79407271A760E00196C2E /* CGFloat+Extensions.swift */; };
/* End PBXBuildFile section */

/* Begin PBXFileReference section */
		22880C5D2723988400F4AB19 /* GithubAPI.swift */ = {isa = PBXFileReference; fileEncoding = 4; lastKnownFileType = sourcecode.swift; path = GithubAPI.swift; sourceTree = "<group>"; };
		22880C5F2723988400F4AB19 /* NetworkProvider.swift */ = {isa = PBXFileReference; fileEncoding = 4; lastKnownFileType = sourcecode.swift; path = NetworkProvider.swift; sourceTree = "<group>"; };
		22880C602723988400F4AB19 /* BaseService.swift */ = {isa = PBXFileReference; fileEncoding = 4; lastKnownFileType = sourcecode.swift; path = BaseService.swift; sourceTree = "<group>"; };
		22880C612723988400F4AB19 /* Configs.swift */ = {isa = PBXFileReference; fileEncoding = 4; lastKnownFileType = sourcecode.swift; path = Configs.swift; sourceTree = "<group>"; };
		22880C622723988400F4AB19 /* BaseError.swift */ = {isa = PBXFileReference; fileEncoding = 4; lastKnownFileType = sourcecode.swift; path = BaseError.swift; sourceTree = "<group>"; };
		22880C642723988400F4AB19 /* SearchRepositoriesResponse.json */ = {isa = PBXFileReference; fileEncoding = 4; lastKnownFileType = text.json; path = SearchRepositoriesResponse.json; sourceTree = "<group>"; };
		22880C6F2723A36D00F4AB19 /* SearchRepositoriesResponse.json */ = {isa = PBXFileReference; lastKnownFileType = text.json; path = SearchRepositoriesResponse.json; sourceTree = "<group>"; };
		22880C712723A4AE00F4AB19 /* GithubModel.swift */ = {isa = PBXFileReference; lastKnownFileType = sourcecode.swift; path = GithubModel.swift; sourceTree = "<group>"; };
		22880C742723A84E00F4AB19 /* GithubViewController.swift */ = {isa = PBXFileReference; lastKnownFileType = sourcecode.swift; path = GithubViewController.swift; sourceTree = "<group>"; };
		22880C752723A84E00F4AB19 /* GithubViewController.xib */ = {isa = PBXFileReference; lastKnownFileType = file.xib; path = GithubViewController.xib; sourceTree = "<group>"; };
		22880C792723A91900F4AB19 /* MainViewController.swift */ = {isa = PBXFileReference; lastKnownFileType = sourcecode.swift; path = MainViewController.swift; sourceTree = "<group>"; };
		22880C7C2723A9B600F4AB19 /* GithubTableViewCell.swift */ = {isa = PBXFileReference; lastKnownFileType = sourcecode.swift; path = GithubTableViewCell.swift; sourceTree = "<group>"; };
		22880C7D2723A9B600F4AB19 /* GithubTableViewCell.xib */ = {isa = PBXFileReference; lastKnownFileType = file.xib; path = GithubTableViewCell.xib; sourceTree = "<group>"; };
		22880C832723AC3B00F4AB19 /* GithubViewModel.swift */ = {isa = PBXFileReference; lastKnownFileType = sourcecode.swift; path = GithubViewModel.swift; sourceTree = "<group>"; };
		22880C862723ADAE00F4AB19 /* GithubService.swift */ = {isa = PBXFileReference; lastKnownFileType = sourcecode.swift; path = GithubService.swift; sourceTree = "<group>"; };
		22C793E0271A713D00196C2E /* DemoMVVM.app */ = {isa = PBXFileReference; explicitFileType = wrapper.application; includeInIndex = 0; path = DemoMVVM.app; sourceTree = BUILT_PRODUCTS_DIR; };
		22C793E3271A713D00196C2E /* AppDelegate.swift */ = {isa = PBXFileReference; lastKnownFileType = sourcecode.swift; path = AppDelegate.swift; sourceTree = "<group>"; };
		22C793E5271A713D00196C2E /* SceneDelegate.swift */ = {isa = PBXFileReference; lastKnownFileType = sourcecode.swift; path = SceneDelegate.swift; sourceTree = "<group>"; };
		22C793E7271A713D00196C2E /* AnimalViewController.swift */ = {isa = PBXFileReference; lastKnownFileType = sourcecode.swift; path = AnimalViewController.swift; sourceTree = "<group>"; };
		22C793EA271A713D00196C2E /* Base */ = {isa = PBXFileReference; lastKnownFileType = file.storyboard; name = Base; path = Base.lproj/Main.storyboard; sourceTree = "<group>"; };
		22C793EC271A713E00196C2E /* Assets.xcassets */ = {isa = PBXFileReference; lastKnownFileType = folder.assetcatalog; path = Assets.xcassets; sourceTree = "<group>"; };
		22C793EF271A713E00196C2E /* Base */ = {isa = PBXFileReference; lastKnownFileType = file.storyboard; name = Base; path = Base.lproj/LaunchScreen.storyboard; sourceTree = "<group>"; };
		22C793F1271A713E00196C2E /* Info.plist */ = {isa = PBXFileReference; lastKnownFileType = text.plist.xml; path = Info.plist; sourceTree = "<group>"; };
		22C793FB271A724900196C2E /* Animal.swift */ = {isa = PBXFileReference; lastKnownFileType = sourcecode.swift; path = Animal.swift; sourceTree = "<group>"; };
		22C793FE271A72B000196C2E /* AnimalTableViewCell.swift */ = {isa = PBXFileReference; lastKnownFileType = sourcecode.swift; path = AnimalTableViewCell.swift; sourceTree = "<group>"; };
		22C793FF271A72B000196C2E /* AnimalTableViewCell.xib */ = {isa = PBXFileReference; lastKnownFileType = file.xib; path = AnimalTableViewCell.xib; sourceTree = "<group>"; };
		22C79402271A746900196C2E /* AnimalViewModel.swift */ = {isa = PBXFileReference; lastKnownFileType = sourcecode.swift; path = AnimalViewModel.swift; sourceTree = "<group>"; };
		22C79405271A760E00196C2E /* UIImageView+Extensions.swift */ = {isa = PBXFileReference; fileEncoding = 4; lastKnownFileType = sourcecode.swift; path = "UIImageView+Extensions.swift"; sourceTree = "<group>"; };
		22C79406271A760E00196C2E /* UIColor+Extensions.swift */ = {isa = PBXFileReference; fileEncoding = 4; lastKnownFileType = sourcecode.swift; path = "UIColor+Extensions.swift"; sourceTree = "<group>"; };
		22C79407271A760E00196C2E /* CGFloat+Extensions.swift */ = {isa = PBXFileReference; fileEncoding = 4; lastKnownFileType = sourcecode.swift; path = "CGFloat+Extensions.swift"; sourceTree = "<group>"; };
/* End PBXFileReference section */

/* Begin PBXFrameworksBuildPhase section */
		22C793DD271A713D00196C2E /* Frameworks */ = {
			isa = PBXFrameworksBuildPhase;
			buildActionMask = 2147483647;
			files = (
				22880C822723AB9600F4AB19 /* Kingfisher in Frameworks */,
				22880C5A2723980D00F4AB19 /* Moya in Frameworks */,
			);
			runOnlyForDeploymentPostprocessing = 0;
		};
/* End PBXFrameworksBuildPhase section */

/* Begin PBXGroup section */
		22880C5B2723988400F4AB19 /* Network */ = {
			isa = PBXGroup;
			children = (
				22880C6E2723A33800F4AB19 /* stubResponses */,
				22880C5C2723988400F4AB19 /* APIs */,
				22880C5E2723988400F4AB19 /* Base */,
				22880C632723988400F4AB19 /* TestResponse */,
			);
			path = Network;
			sourceTree = "<group>";
		};
		22880C5C2723988400F4AB19 /* APIs */ = {
			isa = PBXGroup;
			children = (
				22880C5D2723988400F4AB19 /* GithubAPI.swift */,
			);
			path = APIs;
			sourceTree = "<group>";
		};
		22880C5E2723988400F4AB19 /* Base */ = {
			isa = PBXGroup;
			children = (
				22880C5F2723988400F4AB19 /* NetworkProvider.swift */,
				22880C602723988400F4AB19 /* BaseService.swift */,
				22880C612723988400F4AB19 /* Configs.swift */,
				22880C622723988400F4AB19 /* BaseError.swift */,
			);
			path = Base;
			sourceTree = "<group>";
		};
		22880C632723988400F4AB19 /* TestResponse */ = {
			isa = PBXGroup;
			children = (
				22880C642723988400F4AB19 /* SearchRepositoriesResponse.json */,
			);
			path = TestResponse;
			sourceTree = "<group>";
		};
		22880C6E2723A33800F4AB19 /* stubResponses */ = {
			isa = PBXGroup;
			children = (
				22880C6F2723A36D00F4AB19 /* SearchRepositoriesResponse.json */,
			);
			path = stubResponses;
			sourceTree = "<group>";
		};
		22880C732723A83600F4AB19 /* Github */ = {
			isa = PBXGroup;
			children = (
				22880C852723AD8600F4AB19 /* Service */,
				22880C7B2723A9A100F4AB19 /* Cells */,
				22880C742723A84E00F4AB19 /* GithubViewController.swift */,
				22880C752723A84E00F4AB19 /* GithubViewController.xib */,
				22880C832723AC3B00F4AB19 /* GithubViewModel.swift */,
			);
			path = Github;
			sourceTree = "<group>";
		};
		22880C782723A90D00F4AB19 /* Main */ = {
			isa = PBXGroup;
			children = (
				22880C792723A91900F4AB19 /* MainViewController.swift */,
			);
			path = Main;
			sourceTree = "<group>";
		};
		22880C7B2723A9A100F4AB19 /* Cells */ = {
			isa = PBXGroup;
			children = (
				22880C7C2723A9B600F4AB19 /* GithubTableViewCell.swift */,
				22880C7D2723A9B600F4AB19 /* GithubTableViewCell.xib */,
			);
			path = Cells;
			sourceTree = "<group>";
		};
		22880C852723AD8600F4AB19 /* Service */ = {
			isa = PBXGroup;
			children = (
				22880C862723ADAE00F4AB19 /* GithubService.swift */,
			);
			path = Service;
			sourceTree = "<group>";
		};
		22C793D7271A713D00196C2E = {
			isa = PBXGroup;
			children = (
				22C793E2271A713D00196C2E /* DemoMVVM */,
				22C793E1271A713D00196C2E /* Products */,
			);
			sourceTree = "<group>";
		};
		22C793E1271A713D00196C2E /* Products */ = {
			isa = PBXGroup;
			children = (
				22C793E0271A713D00196C2E /* DemoMVVM.app */,
			);
			name = Products;
			sourceTree = "<group>";
		};
		22C793E2271A713D00196C2E /* DemoMVVM */ = {
			isa = PBXGroup;
			children = (
				22880C5B2723988400F4AB19 /* Network */,
				22C79404271A760E00196C2E /* Extensions */,
				22C793FA271A721C00196C2E /* ViewModels */,
				22C793F9271A721500196C2E /* Models */,
				22C793F8271A720300196C2E /* App */,
				22C793F7271A71EA00196C2E /* Views */,
				22C793EC271A713E00196C2E /* Assets.xcassets */,
				22C793EE271A713E00196C2E /* LaunchScreen.storyboard */,
				22C793F1271A713E00196C2E /* Info.plist */,
			);
			path = DemoMVVM;
			sourceTree = "<group>";
		};
		22C793F7271A71EA00196C2E /* Views */ = {
			isa = PBXGroup;
			children = (
				22880C782723A90D00F4AB19 /* Main */,
				22880C732723A83600F4AB19 /* Github */,
				22C793FD271A729D00196C2E /* Cells */,
				22C793E7271A713D00196C2E /* AnimalViewController.swift */,
				22C793E9271A713D00196C2E /* Main.storyboard */,
			);
			path = Views;
			sourceTree = "<group>";
		};
		22C793F8271A720300196C2E /* App */ = {
			isa = PBXGroup;
			children = (
				22C793E3271A713D00196C2E /* AppDelegate.swift */,
				22C793E5271A713D00196C2E /* SceneDelegate.swift */,
			);
			path = App;
			sourceTree = "<group>";
		};
		22C793F9271A721500196C2E /* Models */ = {
			isa = PBXGroup;
			children = (
				22C793FB271A724900196C2E /* Animal.swift */,
				22880C712723A4AE00F4AB19 /* GithubModel.swift */,
			);
			path = Models;
			sourceTree = "<group>";
		};
		22C793FA271A721C00196C2E /* ViewModels */ = {
			isa = PBXGroup;
			children = (
				22C79402271A746900196C2E /* AnimalViewModel.swift */,
			);
			path = ViewModels;
			sourceTree = "<group>";
		};
		22C793FD271A729D00196C2E /* Cells */ = {
			isa = PBXGroup;
			children = (
				22C793FE271A72B000196C2E /* AnimalTableViewCell.swift */,
				22C793FF271A72B000196C2E /* AnimalTableViewCell.xib */,
			);
			path = Cells;
			sourceTree = "<group>";
		};
		22C79404271A760E00196C2E /* Extensions */ = {
			isa = PBXGroup;
			children = (
				22C79405271A760E00196C2E /* UIImageView+Extensions.swift */,
				22C79406271A760E00196C2E /* UIColor+Extensions.swift */,
				22C79407271A760E00196C2E /* CGFloat+Extensions.swift */,
			);
			path = Extensions;
			sourceTree = "<group>";
		};
/* End PBXGroup section */

/* Begin PBXNativeTarget section */
		22C793DF271A713D00196C2E /* DemoMVVM */ = {
			isa = PBXNativeTarget;
			buildConfigurationList = 22C793F4271A713E00196C2E /* Build configuration list for PBXNativeTarget "DemoMVVM" */;
			buildPhases = (
				22C793DC271A713D00196C2E /* Sources */,
				22C793DD271A713D00196C2E /* Frameworks */,
				22C793DE271A713D00196C2E /* Resources */,
			);
			buildRules = (
			);
			dependencies = (
			);
			name = DemoMVVM;
			packageProductDependencies = (
				22880C592723980D00F4AB19 /* Moya */,
				22880C812723AB9600F4AB19 /* Kingfisher */,
			);
			productName = DemoMVVM;
			productReference = 22C793E0271A713D00196C2E /* DemoMVVM.app */;
			productType = "com.apple.product-type.application";
		};
/* End PBXNativeTarget section */

/* Begin PBXProject section */
		22C793D8271A713D00196C2E /* Project object */ = {
			isa = PBXProject;
			attributes = {
				BuildIndependentTargetsInParallel = 1;
				LastSwiftUpdateCheck = 1300;
				LastUpgradeCheck = 1300;
				TargetAttributes = {
					22C793DF271A713D00196C2E = {
						CreatedOnToolsVersion = 13.0;
					};
				};
			};
			buildConfigurationList = 22C793DB271A713D00196C2E /* Build configuration list for PBXProject "DemoMVVM" */;
			compatibilityVersion = "Xcode 13.0";
			developmentRegion = en;
			hasScannedForEncodings = 0;
			knownRegions = (
				en,
				Base,
			);
			mainGroup = 22C793D7271A713D00196C2E;
			packageReferences = (
				22880C582723980D00F4AB19 /* XCRemoteSwiftPackageReference "Moya" */,
				22880C802723AB9600F4AB19 /* XCRemoteSwiftPackageReference "Kingfisher" */,
			);
			productRefGroup = 22C793E1271A713D00196C2E /* Products */;
			projectDirPath = "";
			projectRoot = "";
			targets = (
				22C793DF271A713D00196C2E /* DemoMVVM */,
			);
		};
/* End PBXProject section */

/* Begin PBXResourcesBuildPhase section */
		22C793DE271A713D00196C2E /* Resources */ = {
			isa = PBXResourcesBuildPhase;
			buildActionMask = 2147483647;
			files = (
				22C793F0271A713E00196C2E /* LaunchScreen.storyboard in Resources */,
				22880C772723A84E00F4AB19 /* GithubViewController.xib in Resources */,
				22C79401271A72B100196C2E /* AnimalTableViewCell.xib in Resources */,
				22880C7F2723A9B600F4AB19 /* GithubTableViewCell.xib in Resources */,
				22C793ED271A713E00196C2E /* Assets.xcassets in Resources */,
				22C793EB271A713D00196C2E /* Main.storyboard in Resources */,
				22880C6A2723988400F4AB19 /* SearchRepositoriesResponse.json in Resources */,
			);
			runOnlyForDeploymentPostprocessing = 0;
		};
/* End PBXResourcesBuildPhase section */

/* Begin PBXSourcesBuildPhase section */
		22C793DC271A713D00196C2E /* Sources */ = {
			isa = PBXSourcesBuildPhase;
			buildActionMask = 2147483647;
			files = (
				22C793E8271A713D00196C2E /* AnimalViewController.swift in Sources */,
				22880C722723A4AE00F4AB19 /* GithubModel.swift in Sources */,
				22880C682723988400F4AB19 /* Configs.swift in Sources */,
				22880C652723988400F4AB19 /* GithubAPI.swift in Sources */,
				22C7940A271A760E00196C2E /* CGFloat+Extensions.swift in Sources */,
				22C79408271A760E00196C2E /* UIImageView+Extensions.swift in Sources */,
				22880C7E2723A9B600F4AB19 /* GithubTableViewCell.swift in Sources */,
				22880C842723AC3B00F4AB19 /* GithubViewModel.swift in Sources */,
				22C793FC271A724900196C2E /* Animal.swift in Sources */,
				22880C7A2723A91900F4AB19 /* MainViewController.swift in Sources */,
				22880C762723A84E00F4AB19 /* GithubViewController.swift in Sources */,
				22C79409271A760E00196C2E /* UIColor+Extensions.swift in Sources */,
				22C79403271A746900196C2E /* AnimalViewModel.swift in Sources */,
				22880C662723988400F4AB19 /* NetworkProvider.swift in Sources */,
				22880C672723988400F4AB19 /* BaseService.swift in Sources */,
				22C793E4271A713D00196C2E /* AppDelegate.swift in Sources */,
				22C79400271A72B100196C2E /* AnimalTableViewCell.swift in Sources */,
				22C793E6271A713D00196C2E /* SceneDelegate.swift in Sources */,
				22880C872723ADAE00F4AB19 /* GithubService.swift in Sources */,
				22880C692723988400F4AB19 /* BaseError.swift in Sources */,
			);
			runOnlyForDeploymentPostprocessing = 0;
		};
/* End PBXSourcesBuildPhase section */

/* Begin PBXVariantGroup section */
		22C793E9271A713D00196C2E /* Main.storyboard */ = {
			isa = PBXVariantGroup;
			children = (
				22C793EA271A713D00196C2E /* Base */,
			);
			name = Main.storyboard;
			sourceTree = "<group>";
		};
		22C793EE271A713E00196C2E /* LaunchScreen.storyboard */ = {
			isa = PBXVariantGroup;
			children = (
				22C793EF271A713E00196C2E /* Base */,
			);
			name = LaunchScreen.storyboard;
			sourceTree = "<group>";
		};
/* End PBXVariantGroup section */

/* Begin XCBuildConfiguration section */
		22C793F2271A713E00196C2E /* Debug */ = {
			isa = XCBuildConfiguration;
			buildSettings = {
				ALWAYS_SEARCH_USER_PATHS = NO;
				CLANG_ANALYZER_NONNULL = YES;
				CLANG_ANALYZER_NUMBER_OBJECT_CONVERSION = YES_AGGRESSIVE;
				CLANG_CXX_LANGUAGE_STANDARD = "gnu++17";
				CLANG_CXX_LIBRARY = "libc++";
				CLANG_ENABLE_MODULES = YES;
				CLANG_ENABLE_OBJC_ARC = YES;
				CLANG_ENABLE_OBJC_WEAK = YES;
				CLANG_WARN_BLOCK_CAPTURE_AUTORELEASING = YES;
				CLANG_WARN_BOOL_CONVERSION = YES;
				CLANG_WARN_COMMA = YES;
				CLANG_WARN_CONSTANT_CONVERSION = YES;
				CLANG_WARN_DEPRECATED_OBJC_IMPLEMENTATIONS = YES;
				CLANG_WARN_DIRECT_OBJC_ISA_USAGE = YES_ERROR;
				CLANG_WARN_DOCUMENTATION_COMMENTS = YES;
				CLANG_WARN_EMPTY_BODY = YES;
				CLANG_WARN_ENUM_CONVERSION = YES;
				CLANG_WARN_INFINITE_RECURSION = YES;
				CLANG_WARN_INT_CONVERSION = YES;
				CLANG_WARN_NON_LITERAL_NULL_CONVERSION = YES;
				CLANG_WARN_OBJC_IMPLICIT_RETAIN_SELF = YES;
				CLANG_WARN_OBJC_LITERAL_CONVERSION = YES;
				CLANG_WARN_OBJC_ROOT_CLASS = YES_ERROR;
				CLANG_WARN_QUOTED_INCLUDE_IN_FRAMEWORK_HEADER = YES;
				CLANG_WARN_RANGE_LOOP_ANALYSIS = YES;
				CLANG_WARN_STRICT_PROTOTYPES = YES;
				CLANG_WARN_SUSPICIOUS_MOVE = YES;
				CLANG_WARN_UNGUARDED_AVAILABILITY = YES_AGGRESSIVE;
				CLANG_WARN_UNREACHABLE_CODE = YES;
				CLANG_WARN__DUPLICATE_METHOD_MATCH = YES;
				COPY_PHASE_STRIP = NO;
				DEBUG_INFORMATION_FORMAT = dwarf;
				ENABLE_STRICT_OBJC_MSGSEND = YES;
				ENABLE_TESTABILITY = YES;
				GCC_C_LANGUAGE_STANDARD = gnu11;
				GCC_DYNAMIC_NO_PIC = NO;
				GCC_NO_COMMON_BLOCKS = YES;
				GCC_OPTIMIZATION_LEVEL = 0;
				GCC_PREPROCESSOR_DEFINITIONS = (
					"DEBUG=1",
					"$(inherited)",
				);
				GCC_WARN_64_TO_32_BIT_CONVERSION = YES;
				GCC_WARN_ABOUT_RETURN_TYPE = YES_ERROR;
				GCC_WARN_UNDECLARED_SELECTOR = YES;
				GCC_WARN_UNINITIALIZED_AUTOS = YES_AGGRESSIVE;
				GCC_WARN_UNUSED_FUNCTION = YES;
				GCC_WARN_UNUSED_VARIABLE = YES;
				IPHONEOS_DEPLOYMENT_TARGET = 15.0;
				MTL_ENABLE_DEBUG_INFO = INCLUDE_SOURCE;
				MTL_FAST_MATH = YES;
				ONLY_ACTIVE_ARCH = YES;
				SDKROOT = iphoneos;
				SWIFT_ACTIVE_COMPILATION_CONDITIONS = DEBUG;
				SWIFT_OPTIMIZATION_LEVEL = "-Onone";
			};
			name = Debug;
		};
		22C793F3271A713E00196C2E /* Release */ = {
			isa = XCBuildConfiguration;
			buildSettings = {
				ALWAYS_SEARCH_USER_PATHS = NO;
				CLANG_ANALYZER_NONNULL = YES;
				CLANG_ANALYZER_NUMBER_OBJECT_CONVERSION = YES_AGGRESSIVE;
				CLANG_CXX_LANGUAGE_STANDARD = "gnu++17";
				CLANG_CXX_LIBRARY = "libc++";
				CLANG_ENABLE_MODULES = YES;
				CLANG_ENABLE_OBJC_ARC = YES;
				CLANG_ENABLE_OBJC_WEAK = YES;
				CLANG_WARN_BLOCK_CAPTURE_AUTORELEASING = YES;
				CLANG_WARN_BOOL_CONVERSION = YES;
				CLANG_WARN_COMMA = YES;
				CLANG_WARN_CONSTANT_CONVERSION = YES;
				CLANG_WARN_DEPRECATED_OBJC_IMPLEMENTATIONS = YES;
				CLANG_WARN_DIRECT_OBJC_ISA_USAGE = YES_ERROR;
				CLANG_WARN_DOCUMENTATION_COMMENTS = YES;
				CLANG_WARN_EMPTY_BODY = YES;
				CLANG_WARN_ENUM_CONVERSION = YES;
				CLANG_WARN_INFINITE_RECURSION = YES;
				CLANG_WARN_INT_CONVERSION = YES;
				CLANG_WARN_NON_LITERAL_NULL_CONVERSION = YES;
				CLANG_WARN_OBJC_IMPLICIT_RETAIN_SELF = YES;
				CLANG_WARN_OBJC_LITERAL_CONVERSION = YES;
				CLANG_WARN_OBJC_ROOT_CLASS = YES_ERROR;
				CLANG_WARN_QUOTED_INCLUDE_IN_FRAMEWORK_HEADER = YES;
				CLANG_WARN_RANGE_LOOP_ANALYSIS = YES;
				CLANG_WARN_STRICT_PROTOTYPES = YES;
				CLANG_WARN_SUSPICIOUS_MOVE = YES;
				CLANG_WARN_UNGUARDED_AVAILABILITY = YES_AGGRESSIVE;
				CLANG_WARN_UNREACHABLE_CODE = YES;
				CLANG_WARN__DUPLICATE_METHOD_MATCH = YES;
				COPY_PHASE_STRIP = NO;
				DEBUG_INFORMATION_FORMAT = "dwarf-with-dsym";
				ENABLE_NS_ASSERTIONS = NO;
				ENABLE_STRICT_OBJC_MSGSEND = YES;
				GCC_C_LANGUAGE_STANDARD = gnu11;
				GCC_NO_COMMON_BLOCKS = YES;
				GCC_WARN_64_TO_32_BIT_CONVERSION = YES;
				GCC_WARN_ABOUT_RETURN_TYPE = YES_ERROR;
				GCC_WARN_UNDECLARED_SELECTOR = YES;
				GCC_WARN_UNINITIALIZED_AUTOS = YES_AGGRESSIVE;
				GCC_WARN_UNUSED_FUNCTION = YES;
				GCC_WARN_UNUSED_VARIABLE = YES;
				IPHONEOS_DEPLOYMENT_TARGET = 15.0;
				MTL_ENABLE_DEBUG_INFO = NO;
				MTL_FAST_MATH = YES;
				SDKROOT = iphoneos;
				SWIFT_COMPILATION_MODE = wholemodule;
				SWIFT_OPTIMIZATION_LEVEL = "-O";
				VALIDATE_PRODUCT = YES;
			};
			name = Release;
		};
		22C793F5271A713E00196C2E /* Debug */ = {
			isa = XCBuildConfiguration;
			buildSettings = {
				ASSETCATALOG_COMPILER_APPICON_NAME = AppIcon;
				ASSETCATALOG_COMPILER_GLOBAL_ACCENT_COLOR_NAME = AccentColor;
				CODE_SIGN_STYLE = Automatic;
				CURRENT_PROJECT_VERSION = 1;
				GENERATE_INFOPLIST_FILE = YES;
				INFOPLIST_FILE = DemoMVVM/Info.plist;
				INFOPLIST_KEY_UIApplicationSupportsIndirectInputEvents = YES;
				INFOPLIST_KEY_UILaunchStoryboardName = LaunchScreen;
				INFOPLIST_KEY_UIMainStoryboardFile = Main;
				INFOPLIST_KEY_UISupportedInterfaceOrientations_iPad = "UIInterfaceOrientationPortrait UIInterfaceOrientationPortraitUpsideDown UIInterfaceOrientationLandscapeLeft UIInterfaceOrientationLandscapeRight";
				INFOPLIST_KEY_UISupportedInterfaceOrientations_iPhone = "UIInterfaceOrientationPortrait UIInterfaceOrientationLandscapeLeft UIInterfaceOrientationLandscapeRight";
				LD_RUNPATH_SEARCH_PATHS = (
					"$(inherited)",
					"@executable_path/Frameworks",
				);
				MARKETING_VERSION = 1.0;
				PRODUCT_BUNDLE_IDENTIFIER = codetoanbug.com.DemoMVVM;
				PRODUCT_NAME = "$(TARGET_NAME)";
				SWIFT_EMIT_LOC_STRINGS = YES;
				SWIFT_VERSION = 5.0;
				TARGETED_DEVICE_FAMILY = "1,2";
			};
			name = Debug;
		};
		22C793F6271A713E00196C2E /* Release */ = {
			isa = XCBuildConfiguration;
			buildSettings = {
				ASSETCATALOG_COMPILER_APPICON_NAME = AppIcon;
				ASSETCATALOG_COMPILER_GLOBAL_ACCENT_COLOR_NAME = AccentColor;
				CODE_SIGN_STYLE = Automatic;
				CURRENT_PROJECT_VERSION = 1;
				GENERATE_INFOPLIST_FILE = YES;
				INFOPLIST_FILE = DemoMVVM/Info.plist;
				INFOPLIST_KEY_UIApplicationSupportsIndirectInputEvents = YES;
				INFOPLIST_KEY_UILaunchStoryboardName = LaunchScreen;
				INFOPLIST_KEY_UIMainStoryboardFile = Main;
				INFOPLIST_KEY_UISupportedInterfaceOrientations_iPad = "UIInterfaceOrientationPortrait UIInterfaceOrientationPortraitUpsideDown UIInterfaceOrientationLandscapeLeft UIInterfaceOrientationLandscapeRight";
				INFOPLIST_KEY_UISupportedInterfaceOrientations_iPhone = "UIInterfaceOrientationPortrait UIInterfaceOrientationLandscapeLeft UIInterfaceOrientationLandscapeRight";
				LD_RUNPATH_SEARCH_PATHS = (
					"$(inherited)",
					"@executable_path/Frameworks",
				);
				MARKETING_VERSION = 1.0;
				PRODUCT_BUNDLE_IDENTIFIER = codetoanbug.com.DemoMVVM;
				PRODUCT_NAME = "$(TARGET_NAME)";
				SWIFT_EMIT_LOC_STRINGS = YES;
				SWIFT_VERSION = 5.0;
				TARGETED_DEVICE_FAMILY = "1,2";
			};
			name = Release;
		};
/* End XCBuildConfiguration section */

/* Begin XCConfigurationList section */
		22C793DB271A713D00196C2E /* Build configuration list for PBXProject "DemoMVVM" */ = {
			isa = XCConfigurationList;
			buildConfigurations = (
				22C793F2271A713E00196C2E /* Debug */,
				22C793F3271A713E00196C2E /* Release */,
			);
			defaultConfigurationIsVisible = 0;
			defaultConfigurationName = Release;
		};
		22C793F4271A713E00196C2E /* Build configuration list for PBXNativeTarget "DemoMVVM" */ = {
			isa = XCConfigurationList;
			buildConfigurations = (
				22C793F5271A713E00196C2E /* Debug */,
				22C793F6271A713E00196C2E /* Release */,
			);
			defaultConfigurationIsVisible = 0;
			defaultConfigurationName = Release;
		};
/* End XCConfigurationList section */

/* Begin XCRemoteSwiftPackageReference section */
		22880C582723980D00F4AB19 /* XCRemoteSwiftPackageReference "Moya" */ = {
			isa = XCRemoteSwiftPackageReference;
			repositoryURL = "https://github.com/Moya/Moya.git";
			requirement = {
				kind = upToNextMajorVersion;
				minimumVersion = 15.0.0;
			};
		};
		22880C802723AB9600F4AB19 /* XCRemoteSwiftPackageReference "Kingfisher" */ = {
			isa = XCRemoteSwiftPackageReference;
			repositoryURL = "https://github.com/onevcat/Kingfisher";
			requirement = {
				kind = upToNextMajorVersion;
				minimumVersion = 7.0.0;
			};
		};
/* End XCRemoteSwiftPackageReference section */

/* Begin XCSwiftPackageProductDependency section */
		22880C592723980D00F4AB19 /* Moya */ = {
			isa = XCSwiftPackageProductDependency;
			package = 22880C582723980D00F4AB19 /* XCRemoteSwiftPackageReference "Moya" */;
			productName = Moya;
		};
		22880C812723AB9600F4AB19 /* Kingfisher */ = {
			isa = XCSwiftPackageProductDependency;
			package = 22880C802723AB9600F4AB19 /* XCRemoteSwiftPackageReference "Kingfisher" */;
			productName = Kingfisher;
		};
/* End XCSwiftPackageProductDependency section */
	};
	rootObject = 22C793D8271A713D00196C2E /* Project object */;
}
