// !$*UTF8*$!
{
	archiveVersion = 1;
	classes = {
	};
	objectVersion = 52;
	objects = {

/* Begin PBXBuildFile section */
		2223806B26FEB001006A7DB9 /* AppDelegate.swift in Sources */ = {isa = PBXBuildFile; fileRef = 2223806A26FEB001006A7DB9 /* AppDelegate.swift */; };
		2223806D26FEB001006A7DB9 /* SceneDelegate.swift in Sources */ = {isa = PBXBuildFile; fileRef = 2223806C26FEB001006A7DB9 /* SceneDelegate.swift */; };
		2223806F26FEB001006A7DB9 /* ViewController.swift in Sources */ = {isa = PBXBuildFile; fileRef = 2223806E26FEB001006A7DB9 /* ViewController.swift */; };
		2223807226FEB001006A7DB9 /* Main.storyboard in Resources */ = {isa = PBXBuildFile; fileRef = 2223807026FEB001006A7DB9 /* Main.storyboard */; };
		2223807426FEB008006A7DB9 /* Assets.xcassets in Resources */ = {isa = PBXBuildFile; fileRef = 2223807326FEB008006A7DB9 /* Assets.xcassets */; };
		2223807726FEB008006A7DB9 /* LaunchScreen.storyboard in Resources */ = {isa = PBXBuildFile; fileRef = 2223807526FEB008006A7DB9 /* LaunchScreen.storyboard */; };
		2223808226FEB008006A7DB9 /* _5SimpleTableTests.swift in Sources */ = {isa = PBXBuildFile; fileRef = 2223808126FEB008006A7DB9 /* _5SimpleTableTests.swift */; };
		2223808D26FEB008006A7DB9 /* _5SimpleTableUITests.swift in Sources */ = {isa = PBXBuildFile; fileRef = 2223808C26FEB008006A7DB9 /* _5SimpleTableUITests.swift */; };
		2223809D26FEB59B006A7DB9 /* UserTableViewCell.swift in Sources */ = {isa = PBXBuildFile; fileRef = 2223809B26FEB59B006A7DB9 /* UserTableViewCell.swift */; };
		2223809E26FEB59B006A7DB9 /* UserTableViewCell.xib in Resources */ = {isa = PBXBuildFile; fileRef = 2223809C26FEB59B006A7DB9 /* UserTableViewCell.xib */; };
		222380A126FEBE31006A7DB9 /* SettingTableViewCell.swift in Sources */ = {isa = PBXBuildFile; fileRef = 2223809F26FEBE31006A7DB9 /* SettingTableViewCell.swift */; };
		222380A226FEBE31006A7DB9 /* SettingTableViewCell.xib in Resources */ = {isa = PBXBuildFile; fileRef = 222380A026FEBE31006A7DB9 /* SettingTableViewCell.xib */; };
		222380A526FEBF93006A7DB9 /* Setting.swift in Sources */ = {isa = PBXBuildFile; fileRef = 222380A426FEBF93006A7DB9 /* Setting.swift */; };
		222380A926FEC337006A7DB9 /* AccountViewController.swift in Sources */ = {isa = PBXBuildFile; fileRef = 222380A726FEC337006A7DB9 /* AccountViewController.swift */; };
		222380AA26FEC337006A7DB9 /* AccountViewController.xib in Resources */ = {isa = PBXBuildFile; fileRef = 222380A826FEC337006A7DB9 /* AccountViewController.xib */; };
		222380AE26FEC4BF006A7DB9 /* GeneralViewController.swift in Sources */ = {isa = PBXBuildFile; fileRef = 222380AC26FEC4BF006A7DB9 /* GeneralViewController.swift */; };
		222380AF26FEC4BF006A7DB9 /* GeneralViewController.xib in Resources */ = {isa = PBXBuildFile; fileRef = 222380AD26FEC4BF006A7DB9 /* GeneralViewController.xib */; };
		222380B226FECAAD006A7DB9 /* FSCalendar in Frameworks */ = {isa = PBXBuildFile; productRef = 222380B126FECAAD006A7DB9 /* FSCalendar */; };
/* End PBXBuildFile section */

/* Begin PBXContainerItemProxy section */
		2223807E26FEB008006A7DB9 /* PBXContainerItemProxy */ = {
			isa = PBXContainerItemProxy;
			containerPortal = 2223805F26FEB001006A7DB9 /* Project object */;
			proxyType = 1;
			remoteGlobalIDString = 2223806626FEB001006A7DB9;
			remoteInfo = 05SimpleTable;
		};
		2223808926FEB008006A7DB9 /* PBXContainerItemProxy */ = {
			isa = PBXContainerItemProxy;
			containerPortal = 2223805F26FEB001006A7DB9 /* Project object */;
			proxyType = 1;
			remoteGlobalIDString = 2223806626FEB001006A7DB9;
			remoteInfo = 05SimpleTable;
		};
/* End PBXContainerItemProxy section */

/* Begin PBXFileReference section */
		2223806726FEB001006A7DB9 /* 05SimpleTable.app */ = {isa = PBXFileReference; explicitFileType = wrapper.application; includeInIndex = 0; path = 05SimpleTable.app; sourceTree = BUILT_PRODUCTS_DIR; };
		2223806A26FEB001006A7DB9 /* AppDelegate.swift */ = {isa = PBXFileReference; lastKnownFileType = sourcecode.swift; path = AppDelegate.swift; sourceTree = "<group>"; };
		2223806C26FEB001006A7DB9 /* SceneDelegate.swift */ = {isa = PBXFileReference; lastKnownFileType = sourcecode.swift; path = SceneDelegate.swift; sourceTree = "<group>"; };
		2223806E26FEB001006A7DB9 /* ViewController.swift */ = {isa = PBXFileReference; lastKnownFileType = sourcecode.swift; path = ViewController.swift; sourceTree = "<group>"; };
		2223807126FEB001006A7DB9 /* Base */ = {isa = PBXFileReference; lastKnownFileType = file.storyboard; name = Base; path = Base.lproj/Main.storyboard; sourceTree = "<group>"; };
		2223807326FEB008006A7DB9 /* Assets.xcassets */ = {isa = PBXFileReference; lastKnownFileType = folder.assetcatalog; path = Assets.xcassets; sourceTree = "<group>"; };
		2223807626FEB008006A7DB9 /* Base */ = {isa = PBXFileReference; lastKnownFileType = file.storyboard; name = Base; path = Base.lproj/LaunchScreen.storyboard; sourceTree = "<group>"; };
		2223807826FEB008006A7DB9 /* Info.plist */ = {isa = PBXFileReference; lastKnownFileType = text.plist.xml; path = Info.plist; sourceTree = "<group>"; };
		2223807D26FEB008006A7DB9 /* 05SimpleTableTests.xctest */ = {isa = PBXFileReference; explicitFileType = wrapper.cfbundle; includeInIndex = 0; path = 05SimpleTableTests.xctest; sourceTree = BUILT_PRODUCTS_DIR; };
		2223808126FEB008006A7DB9 /* _5SimpleTableTests.swift */ = {isa = PBXFileReference; lastKnownFileType = sourcecode.swift; path = _5SimpleTableTests.swift; sourceTree = "<group>"; };
		2223808326FEB008006A7DB9 /* Info.plist */ = {isa = PBXFileReference; lastKnownFileType = text.plist.xml; path = Info.plist; sourceTree = "<group>"; };
		2223808826FEB008006A7DB9 /* 05SimpleTableUITests.xctest */ = {isa = PBXFileReference; explicitFileType = wrapper.cfbundle; includeInIndex = 0; path = 05SimpleTableUITests.xctest; sourceTree = BUILT_PRODUCTS_DIR; };
		2223808C26FEB008006A7DB9 /* _5SimpleTableUITests.swift */ = {isa = PBXFileReference; lastKnownFileType = sourcecode.swift; path = _5SimpleTableUITests.swift; sourceTree = "<group>"; };
		2223808E26FEB008006A7DB9 /* Info.plist */ = {isa = PBXFileReference; lastKnownFileType = text.plist.xml; path = Info.plist; sourceTree = "<group>"; };
		2223809B26FEB59B006A7DB9 /* UserTableViewCell.swift */ = {isa = PBXFileReference; lastKnownFileType = sourcecode.swift; path = UserTableViewCell.swift; sourceTree = "<group>"; };
		2223809C26FEB59B006A7DB9 /* UserTableViewCell.xib */ = {isa = PBXFileReference; lastKnownFileType = file.xib; path = UserTableViewCell.xib; sourceTree = "<group>"; };
		2223809F26FEBE31006A7DB9 /* SettingTableViewCell.swift */ = {isa = PBXFileReference; lastKnownFileType = sourcecode.swift; path = SettingTableViewCell.swift; sourceTree = "<group>"; };
		222380A026FEBE31006A7DB9 /* SettingTableViewCell.xib */ = {isa = PBXFileReference; lastKnownFileType = file.xib; path = SettingTableViewCell.xib; sourceTree = "<group>"; };
		222380A426FEBF93006A7DB9 /* Setting.swift */ = {isa = PBXFileReference; lastKnownFileType = sourcecode.swift; path = Setting.swift; sourceTree = "<group>"; };
		222380A726FEC337006A7DB9 /* AccountViewController.swift */ = {isa = PBXFileReference; lastKnownFileType = sourcecode.swift; path = AccountViewController.swift; sourceTree = "<group>"; };
		222380A826FEC337006A7DB9 /* AccountViewController.xib */ = {isa = PBXFileReference; lastKnownFileType = file.xib; path = AccountViewController.xib; sourceTree = "<group>"; };
		222380AC26FEC4BF006A7DB9 /* GeneralViewController.swift */ = {isa = PBXFileReference; lastKnownFileType = sourcecode.swift; path = GeneralViewController.swift; sourceTree = "<group>"; };
		222380AD26FEC4BF006A7DB9 /* GeneralViewController.xib */ = {isa = PBXFileReference; lastKnownFileType = file.xib; path = GeneralViewController.xib; sourceTree = "<group>"; };
/* End PBXFileReference section */

/* Begin PBXFrameworksBuildPhase section */
		2223806426FEB001006A7DB9 /* Frameworks */ = {
			isa = PBXFrameworksBuildPhase;
			buildActionMask = 2147483647;
			files = (
				222380B226FECAAD006A7DB9 /* FSCalendar in Frameworks */,
			);
			runOnlyForDeploymentPostprocessing = 0;
		};
		2223807A26FEB008006A7DB9 /* Frameworks */ = {
			isa = PBXFrameworksBuildPhase;
			buildActionMask = 2147483647;
			files = (
			);
			runOnlyForDeploymentPostprocessing = 0;
		};
		2223808526FEB008006A7DB9 /* Frameworks */ = {
			isa = PBXFrameworksBuildPhase;
			buildActionMask = 2147483647;
			files = (
			);
			runOnlyForDeploymentPostprocessing = 0;
		};
/* End PBXFrameworksBuildPhase section */

/* Begin PBXGroup section */
		2223805E26FEB001006A7DB9 = {
			isa = PBXGroup;
			children = (
				2223806926FEB001006A7DB9 /* 05SimpleTable */,
				2223808026FEB008006A7DB9 /* 05SimpleTableTests */,
				2223808B26FEB008006A7DB9 /* 05SimpleTableUITests */,
				2223806826FEB001006A7DB9 /* Products */,
			);
			sourceTree = "<group>";
		};
		2223806826FEB001006A7DB9 /* Products */ = {
			isa = PBXGroup;
			children = (
				2223806726FEB001006A7DB9 /* 05SimpleTable.app */,
				2223807D26FEB008006A7DB9 /* 05SimpleTableTests.xctest */,
				2223808826FEB008006A7DB9 /* 05SimpleTableUITests.xctest */,
			);
			name = Products;
			sourceTree = "<group>";
		};
		2223806926FEB001006A7DB9 /* 05SimpleTable */ = {
			isa = PBXGroup;
			children = (
				222380AB26FEC4AD006A7DB9 /* General */,
				222380A626FEC309006A7DB9 /* AccountScreen */,
				222380A326FEBF81006A7DB9 /* Model */,
				2223809A26FEB57D006A7DB9 /* Cells */,
				2223806A26FEB001006A7DB9 /* AppDelegate.swift */,
				2223806C26FEB001006A7DB9 /* SceneDelegate.swift */,
				2223806E26FEB001006A7DB9 /* ViewController.swift */,
				2223807026FEB001006A7DB9 /* Main.storyboard */,
				2223807326FEB008006A7DB9 /* Assets.xcassets */,
				2223807526FEB008006A7DB9 /* LaunchScreen.storyboard */,
				2223807826FEB008006A7DB9 /* Info.plist */,
			);
			path = 05SimpleTable;
			sourceTree = "<group>";
		};
		2223808026FEB008006A7DB9 /* 05SimpleTableTests */ = {
			isa = PBXGroup;
			children = (
				2223808126FEB008006A7DB9 /* _5SimpleTableTests.swift */,
				2223808326FEB008006A7DB9 /* Info.plist */,
			);
			path = 05SimpleTableTests;
			sourceTree = "<group>";
		};
		2223808B26FEB008006A7DB9 /* 05SimpleTableUITests */ = {
			isa = PBXGroup;
			children = (
				2223808C26FEB008006A7DB9 /* _5SimpleTableUITests.swift */,
				2223808E26FEB008006A7DB9 /* Info.plist */,
			);
			path = 05SimpleTableUITests;
			sourceTree = "<group>";
		};
		2223809A26FEB57D006A7DB9 /* Cells */ = {
			isa = PBXGroup;
			children = (
				2223809B26FEB59B006A7DB9 /* UserTableViewCell.swift */,
				2223809C26FEB59B006A7DB9 /* UserTableViewCell.xib */,
				2223809F26FEBE31006A7DB9 /* SettingTableViewCell.swift */,
				222380A026FEBE31006A7DB9 /* SettingTableViewCell.xib */,
			);
			path = Cells;
			sourceTree = "<group>";
		};
		222380A326FEBF81006A7DB9 /* Model */ = {
			isa = PBXGroup;
			children = (
				222380A426FEBF93006A7DB9 /* Setting.swift */,
			);
			path = Model;
			sourceTree = "<group>";
		};
		222380A626FEC309006A7DB9 /* AccountScreen */ = {
			isa = PBXGroup;
			children = (
				222380A726FEC337006A7DB9 /* AccountViewController.swift */,
				222380A826FEC337006A7DB9 /* AccountViewController.xib */,
			);
			path = AccountScreen;
			sourceTree = "<group>";
		};
		222380AB26FEC4AD006A7DB9 /* General */ = {
			isa = PBXGroup;
			children = (
				222380AC26FEC4BF006A7DB9 /* GeneralViewController.swift */,
				222380AD26FEC4BF006A7DB9 /* GeneralViewController.xib */,
			);
			path = General;
			sourceTree = "<group>";
		};
/* End PBXGroup section */

/* Begin PBXNativeTarget section */
		2223806626FEB001006A7DB9 /* 05SimpleTable */ = {
			isa = PBXNativeTarget;
			buildConfigurationList = 2223809126FEB008006A7DB9 /* Build configuration list for PBXNativeTarget "05SimpleTable" */;
			buildPhases = (
				2223806326FEB001006A7DB9 /* Sources */,
				2223806426FEB001006A7DB9 /* Frameworks */,
				2223806526FEB001006A7DB9 /* Resources */,
			);
			buildRules = (
			);
			dependencies = (
			);
			name = 05SimpleTable;
			packageProductDependencies = (
				222380B126FECAAD006A7DB9 /* FSCalendar */,
			);
			productName = 05SimpleTable;
			productReference = 2223806726FEB001006A7DB9 /* 05SimpleTable.app */;
			productType = "com.apple.product-type.application";
		};
		2223807C26FEB008006A7DB9 /* 05SimpleTableTests */ = {
			isa = PBXNativeTarget;
			buildConfigurationList = 2223809426FEB008006A7DB9 /* Build configuration list for PBXNativeTarget "05SimpleTableTests" */;
			buildPhases = (
				2223807926FEB008006A7DB9 /* Sources */,
				2223807A26FEB008006A7DB9 /* Frameworks */,
				2223807B26FEB008006A7DB9 /* Resources */,
			);
			buildRules = (
			);
			dependencies = (
				2223807F26FEB008006A7DB9 /* PBXTargetDependency */,
			);
			name = 05SimpleTableTests;
			productName = 05SimpleTableTests;
			productReference = 2223807D26FEB008006A7DB9 /* 05SimpleTableTests.xctest */;
			productType = "com.apple.product-type.bundle.unit-test";
		};
		2223808726FEB008006A7DB9 /* 05SimpleTableUITests */ = {
			isa = PBXNativeTarget;
			buildConfigurationList = 2223809726FEB008006A7DB9 /* Build configuration list for PBXNativeTarget "05SimpleTableUITests" */;
			buildPhases = (
				2223808426FEB008006A7DB9 /* Sources */,
				2223808526FEB008006A7DB9 /* Frameworks */,
				2223808626FEB008006A7DB9 /* Resources */,
			);
			buildRules = (
			);
			dependencies = (
				2223808A26FEB008006A7DB9 /* PBXTargetDependency */,
			);
			name = 05SimpleTableUITests;
			productName = 05SimpleTableUITests;
			productReference = 2223808826FEB008006A7DB9 /* 05SimpleTableUITests.xctest */;
			productType = "com.apple.product-type.bundle.ui-testing";
		};
/* End PBXNativeTarget section */

/* Begin PBXProject section */
		2223805F26FEB001006A7DB9 /* Project object */ = {
			isa = PBXProject;
			attributes = {
				LastSwiftUpdateCheck = 1250;
				LastUpgradeCheck = 1250;
				TargetAttributes = {
					2223806626FEB001006A7DB9 = {
						CreatedOnToolsVersion = 12.5.1;
					};
					2223807C26FEB008006A7DB9 = {
						CreatedOnToolsVersion = 12.5.1;
						TestTargetID = 2223806626FEB001006A7DB9;
					};
					2223808726FEB008006A7DB9 = {
						CreatedOnToolsVersion = 12.5.1;
						TestTargetID = 2223806626FEB001006A7DB9;
					};
				};
			};
			buildConfigurationList = 2223806226FEB001006A7DB9 /* Build configuration list for PBXProject "05SimpleTable" */;
			compatibilityVersion = "Xcode 9.3";
			developmentRegion = en;
			hasScannedForEncodings = 0;
			knownRegions = (
				en,
				Base,
			);
			mainGroup = 2223805E26FEB001006A7DB9;
			packageReferences = (
				222380B026FECAAD006A7DB9 /* XCRemoteSwiftPackageReference "FSCalendar" */,
			);
			productRefGroup = 2223806826FEB001006A7DB9 /* Products */;
			projectDirPath = "";
			projectRoot = "";
			targets = (
				2223806626FEB001006A7DB9 /* 05SimpleTable */,
				2223807C26FEB008006A7DB9 /* 05SimpleTableTests */,
				2223808726FEB008006A7DB9 /* 05SimpleTableUITests */,
			);
		};
/* End PBXProject section */

/* Begin PBXResourcesBuildPhase section */
		2223806526FEB001006A7DB9 /* Resources */ = {
			isa = PBXResourcesBuildPhase;
			buildActionMask = 2147483647;
			files = (
				2223809E26FEB59B006A7DB9 /* UserTableViewCell.xib in Resources */,
				2223807726FEB008006A7DB9 /* LaunchScreen.storyboard in Resources */,
				2223807426FEB008006A7DB9 /* Assets.xcassets in Resources */,
				222380A226FEBE31006A7DB9 /* SettingTableViewCell.xib in Resources */,
				222380AF26FEC4BF006A7DB9 /* GeneralViewController.xib in Resources */,
				222380AA26FEC337006A7DB9 /* AccountViewController.xib in Resources */,
				2223807226FEB001006A7DB9 /* Main.storyboard in Resources */,
			);
			runOnlyForDeploymentPostprocessing = 0;
		};
		2223807B26FEB008006A7DB9 /* Resources */ = {
			isa = PBXResourcesBuildPhase;
			buildActionMask = 2147483647;
			files = (
			);
			runOnlyForDeploymentPostprocessing = 0;
		};
		2223808626FEB008006A7DB9 /* Resources */ = {
			isa = PBXResourcesBuildPhase;
			buildActionMask = 2147483647;
			files = (
			);
			runOnlyForDeploymentPostprocessing = 0;
		};
/* End PBXResourcesBuildPhase section */

/* Begin PBXSourcesBuildPhase section */
		2223806326FEB001006A7DB9 /* Sources */ = {
			isa = PBXSourcesBuildPhase;
			buildActionMask = 2147483647;
			files = (
				2223809D26FEB59B006A7DB9 /* UserTableViewCell.swift in Sources */,
				222380A126FEBE31006A7DB9 /* SettingTableViewCell.swift in Sources */,
				222380A926FEC337006A7DB9 /* AccountViewController.swift in Sources */,
				222380AE26FEC4BF006A7DB9 /* GeneralViewController.swift in Sources */,
				222380A526FEBF93006A7DB9 /* Setting.swift in Sources */,
				2223806F26FEB001006A7DB9 /* ViewController.swift in Sources */,
				2223806B26FEB001006A7DB9 /* AppDelegate.swift in Sources */,
				2223806D26FEB001006A7DB9 /* SceneDelegate.swift in Sources */,
			);
			runOnlyForDeploymentPostprocessing = 0;
		};
		2223807926FEB008006A7DB9 /* Sources */ = {
			isa = PBXSourcesBuildPhase;
			buildActionMask = 2147483647;
			files = (
				2223808226FEB008006A7DB9 /* _5SimpleTableTests.swift in Sources */,
			);
			runOnlyForDeploymentPostprocessing = 0;
		};
		2223808426FEB008006A7DB9 /* Sources */ = {
			isa = PBXSourcesBuildPhase;
			buildActionMask = 2147483647;
			files = (
				2223808D26FEB008006A7DB9 /* _5SimpleTableUITests.swift in Sources */,
			);
			runOnlyForDeploymentPostprocessing = 0;
		};
/* End PBXSourcesBuildPhase section */

/* Begin PBXTargetDependency section */
		2223807F26FEB008006A7DB9 /* PBXTargetDependency */ = {
			isa = PBXTargetDependency;
			target = 2223806626FEB001006A7DB9 /* 05SimpleTable */;
			targetProxy = 2223807E26FEB008006A7DB9 /* PBXContainerItemProxy */;
		};
		2223808A26FEB008006A7DB9 /* PBXTargetDependency */ = {
			isa = PBXTargetDependency;
			target = 2223806626FEB001006A7DB9 /* 05SimpleTable */;
			targetProxy = 2223808926FEB008006A7DB9 /* PBXContainerItemProxy */;
		};
/* End PBXTargetDependency section */

/* Begin PBXVariantGroup section */
		2223807026FEB001006A7DB9 /* Main.storyboard */ = {
			isa = PBXVariantGroup;
			children = (
				2223807126FEB001006A7DB9 /* Base */,
			);
			name = Main.storyboard;
			sourceTree = "<group>";
		};
		2223807526FEB008006A7DB9 /* LaunchScreen.storyboard */ = {
			isa = PBXVariantGroup;
			children = (
				2223807626FEB008006A7DB9 /* Base */,
			);
			name = LaunchScreen.storyboard;
			sourceTree = "<group>";
		};
/* End PBXVariantGroup section */

/* Begin XCBuildConfiguration section */
		2223808F26FEB008006A7DB9 /* Debug */ = {
			isa = XCBuildConfiguration;
			buildSettings = {
				ALWAYS_SEARCH_USER_PATHS = NO;
				CLANG_ANALYZER_NONNULL = YES;
				CLANG_ANALYZER_NUMBER_OBJECT_CONVERSION = YES_AGGRESSIVE;
				CLANG_CXX_LANGUAGE_STANDARD = "gnu++14";
				CLANG_CXX_LIBRARY = "libc++";
				CLANG_ENABLE_MODULES = YES;
				CLANG_ENABLE_OBJC_ARC = YES;
				CLANG_ENABLE_OBJC_WEAK = YES;
				CLANG_WARN_BLOCK_CAPTURE_AUTORELEASING = YES;
				CLANG_WARN_BOOL_CONVERSION = YES;
				CLANG_WARN_COMMA = YES;
				CLANG_WARN_CONSTANT_CONVERSION = YES;
				CLANG_WARN_DEPRECATED_OBJC_IMPLEMENTATIONS = YES;
				CLANG_WARN_DIRECT_OBJC_ISA_USAGE = YES_ERROR;
				CLANG_WARN_DOCUMENTATION_COMMENTS = YES;
				CLANG_WARN_EMPTY_BODY = YES;
				CLANG_WARN_ENUM_CONVERSION = YES;
				CLANG_WARN_INFINITE_RECURSION = YES;
				CLANG_WARN_INT_CONVERSION = YES;
				CLANG_WARN_NON_LITERAL_NULL_CONVERSION = YES;
				CLANG_WARN_OBJC_IMPLICIT_RETAIN_SELF = YES;
				CLANG_WARN_OBJC_LITERAL_CONVERSION = YES;
				CLANG_WARN_OBJC_ROOT_CLASS = YES_ERROR;
				CLANG_WARN_QUOTED_INCLUDE_IN_FRAMEWORK_HEADER = YES;
				CLANG_WARN_RANGE_LOOP_ANALYSIS = YES;
				CLANG_WARN_STRICT_PROTOTYPES = YES;
				CLANG_WARN_SUSPICIOUS_MOVE = YES;
				CLANG_WARN_UNGUARDED_AVAILABILITY = YES_AGGRESSIVE;
				CLANG_WARN_UNREACHABLE_CODE = YES;
				CLANG_WARN__DUPLICATE_METHOD_MATCH = YES;
				COPY_PHASE_STRIP = NO;
				DEBUG_INFORMATION_FORMAT = dwarf;
				ENABLE_STRICT_OBJC_MSGSEND = YES;
				ENABLE_TESTABILITY = YES;
				GCC_C_LANGUAGE_STANDARD = gnu11;
				GCC_DYNAMIC_NO_PIC = NO;
				GCC_NO_COMMON_BLOCKS = YES;
				GCC_OPTIMIZATION_LEVEL = 0;
				GCC_PREPROCESSOR_DEFINITIONS = (
					"DEBUG=1",
					"$(inherited)",
				);
				GCC_WARN_64_TO_32_BIT_CONVERSION = YES;
				GCC_WARN_ABOUT_RETURN_TYPE = YES_ERROR;
				GCC_WARN_UNDECLARED_SELECTOR = YES;
				GCC_WARN_UNINITIALIZED_AUTOS = YES_AGGRESSIVE;
				GCC_WARN_UNUSED_FUNCTION = YES;
				GCC_WARN_UNUSED_VARIABLE = YES;
				IPHONEOS_DEPLOYMENT_TARGET = 13.0;
				MTL_ENABLE_DEBUG_INFO = INCLUDE_SOURCE;
				MTL_FAST_MATH = YES;
				ONLY_ACTIVE_ARCH = YES;
				SDKROOT = iphoneos;
				SWIFT_ACTIVE_COMPILATION_CONDITIONS = DEBUG;
				SWIFT_OPTIMIZATION_LEVEL = "-Onone";
			};
			name = Debug;
		};
		2223809026FEB008006A7DB9 /* Release */ = {
			isa = XCBuildConfiguration;
			buildSettings = {
				ALWAYS_SEARCH_USER_PATHS = NO;
				CLANG_ANALYZER_NONNULL = YES;
				CLANG_ANALYZER_NUMBER_OBJECT_CONVERSION = YES_AGGRESSIVE;
				CLANG_CXX_LANGUAGE_STANDARD = "gnu++14";
				CLANG_CXX_LIBRARY = "libc++";
				CLANG_ENABLE_MODULES = YES;
				CLANG_ENABLE_OBJC_ARC = YES;
				CLANG_ENABLE_OBJC_WEAK = YES;
				CLANG_WARN_BLOCK_CAPTURE_AUTORELEASING = YES;
				CLANG_WARN_BOOL_CONVERSION = YES;
				CLANG_WARN_COMMA = YES;
				CLANG_WARN_CONSTANT_CONVERSION = YES;
				CLANG_WARN_DEPRECATED_OBJC_IMPLEMENTATIONS = YES;
				CLANG_WARN_DIRECT_OBJC_ISA_USAGE = YES_ERROR;
				CLANG_WARN_DOCUMENTATION_COMMENTS = YES;
				CLANG_WARN_EMPTY_BODY = YES;
				CLANG_WARN_ENUM_CONVERSION = YES;
				CLANG_WARN_INFINITE_RECURSION = YES;
				CLANG_WARN_INT_CONVERSION = YES;
				CLANG_WARN_NON_LITERAL_NULL_CONVERSION = YES;
				CLANG_WARN_OBJC_IMPLICIT_RETAIN_SELF = YES;
				CLANG_WARN_OBJC_LITERAL_CONVERSION = YES;
				CLANG_WARN_OBJC_ROOT_CLASS = YES_ERROR;
				CLANG_WARN_QUOTED_INCLUDE_IN_FRAMEWORK_HEADER = YES;
				CLANG_WARN_RANGE_LOOP_ANALYSIS = YES;
				CLANG_WARN_STRICT_PROTOTYPES = YES;
				CLANG_WARN_SUSPICIOUS_MOVE = YES;
				CLANG_WARN_UNGUARDED_AVAILABILITY = YES_AGGRESSIVE;
				CLANG_WARN_UNREACHABLE_CODE = YES;
				CLANG_WARN__DUPLICATE_METHOD_MATCH = YES;
				COPY_PHASE_STRIP = NO;
				DEBUG_INFORMATION_FORMAT = "dwarf-with-dsym";
				ENABLE_NS_ASSERTIONS = NO;
				ENABLE_STRICT_OBJC_MSGSEND = YES;
				GCC_C_LANGUAGE_STANDARD = gnu11;
				GCC_NO_COMMON_BLOCKS = YES;
				GCC_WARN_64_TO_32_BIT_CONVERSION = YES;
				GCC_WARN_ABOUT_RETURN_TYPE = YES_ERROR;
				GCC_WARN_UNDECLARED_SELECTOR = YES;
				GCC_WARN_UNINITIALIZED_AUTOS = YES_AGGRESSIVE;
				GCC_WARN_UNUSED_FUNCTION = YES;
				GCC_WARN_UNUSED_VARIABLE = YES;
				IPHONEOS_DEPLOYMENT_TARGET = 13.0;
				MTL_ENABLE_DEBUG_INFO = NO;
				MTL_FAST_MATH = YES;
				SDKROOT = iphoneos;
				SWIFT_COMPILATION_MODE = wholemodule;
				SWIFT_OPTIMIZATION_LEVEL = "-O";
				VALIDATE_PRODUCT = YES;
			};
			name = Release;
		};
		2223809226FEB008006A7DB9 /* Debug */ = {
			isa = XCBuildConfiguration;
			buildSettings = {
				ASSETCATALOG_COMPILER_APPICON_NAME = AppIcon;
				ASSETCATALOG_COMPILER_GLOBAL_ACCENT_COLOR_NAME = AccentColor;
				CODE_SIGN_STYLE = Automatic;
				INFOPLIST_FILE = 05SimpleTable/Info.plist;
				LD_RUNPATH_SEARCH_PATHS = (
					"$(inherited)",
					"@executable_path/Frameworks",
				);
				PRODUCT_BUNDLE_IDENTIFIER = "codetoanbug.com.-5SimpleTable";
				PRODUCT_NAME = "$(TARGET_NAME)";
				SWIFT_VERSION = 5.0;
				TARGETED_DEVICE_FAMILY = "1,2";
			};
			name = Debug;
		};
		2223809326FEB008006A7DB9 /* Release */ = {
			isa = XCBuildConfiguration;
			buildSettings = {
				ASSETCATALOG_COMPILER_APPICON_NAME = AppIcon;
				ASSETCATALOG_COMPILER_GLOBAL_ACCENT_COLOR_NAME = AccentColor;
				CODE_SIGN_STYLE = Automatic;
				INFOPLIST_FILE = 05SimpleTable/Info.plist;
				LD_RUNPATH_SEARCH_PATHS = (
					"$(inherited)",
					"@executable_path/Frameworks",
				);
				PRODUCT_BUNDLE_IDENTIFIER = "codetoanbug.com.-5SimpleTable";
				PRODUCT_NAME = "$(TARGET_NAME)";
				SWIFT_VERSION = 5.0;
				TARGETED_DEVICE_FAMILY = "1,2";
			};
			name = Release;
		};
		2223809526FEB008006A7DB9 /* Debug */ = {
			isa = XCBuildConfiguration;
			buildSettings = {
				ALWAYS_EMBED_SWIFT_STANDARD_LIBRARIES = YES;
				BUNDLE_LOADER = "$(TEST_HOST)";
				CODE_SIGN_STYLE = Automatic;
				INFOPLIST_FILE = 05SimpleTableTests/Info.plist;
				IPHONEOS_DEPLOYMENT_TARGET = 14.5;
				LD_RUNPATH_SEARCH_PATHS = (
					"$(inherited)",
					"@executable_path/Frameworks",
					"@loader_path/Frameworks",
				);
				PRODUCT_BUNDLE_IDENTIFIER = "codetoanbug.com.-5SimpleTableTests";
				PRODUCT_NAME = "$(TARGET_NAME)";
				SWIFT_VERSION = 5.0;
				TARGETED_DEVICE_FAMILY = "1,2";
				TEST_HOST = "$(BUILT_PRODUCTS_DIR)/05SimpleTable.app/05SimpleTable";
			};
			name = Debug;
		};
		2223809626FEB008006A7DB9 /* Release */ = {
			isa = XCBuildConfiguration;
			buildSettings = {
				ALWAYS_EMBED_SWIFT_STANDARD_LIBRARIES = YES;
				BUNDLE_LOADER = "$(TEST_HOST)";
				CODE_SIGN_STYLE = Automatic;
				INFOPLIST_FILE = 05SimpleTableTests/Info.plist;
				IPHONEOS_DEPLOYMENT_TARGET = 14.5;
				LD_RUNPATH_SEARCH_PATHS = (
					"$(inherited)",
					"@executable_path/Frameworks",
					"@loader_path/Frameworks",
				);
				PRODUCT_BUNDLE_IDENTIFIER = "codetoanbug.com.-5SimpleTableTests";
				PRODUCT_NAME = "$(TARGET_NAME)";
				SWIFT_VERSION = 5.0;
				TARGETED_DEVICE_FAMILY = "1,2";
				TEST_HOST = "$(BUILT_PRODUCTS_DIR)/05SimpleTable.app/05SimpleTable";
			};
			name = Release;
		};
		2223809826FEB008006A7DB9 /* Debug */ = {
			isa = XCBuildConfiguration;
			buildSettings = {
				ALWAYS_EMBED_SWIFT_STANDARD_LIBRARIES = YES;
				CODE_SIGN_STYLE = Automatic;
				INFOPLIST_FILE = 05SimpleTableUITests/Info.plist;
				LD_RUNPATH_SEARCH_PATHS = (
					"$(inherited)",
					"@executable_path/Frameworks",
					"@loader_path/Frameworks",
				);
				PRODUCT_BUNDLE_IDENTIFIER = "codetoanbug.com.-5SimpleTableUITests";
				PRODUCT_NAME = "$(TARGET_NAME)";
				SWIFT_VERSION = 5.0;
				TARGETED_DEVICE_FAMILY = "1,2";
				TEST_TARGET_NAME = 05SimpleTable;
			};
			name = Debug;
		};
		2223809926FEB008006A7DB9 /* Release */ = {
			isa = XCBuildConfiguration;
			buildSettings = {
				ALWAYS_EMBED_SWIFT_STANDARD_LIBRARIES = YES;
				CODE_SIGN_STYLE = Automatic;
				INFOPLIST_FILE = 05SimpleTableUITests/Info.plist;
				LD_RUNPATH_SEARCH_PATHS = (
					"$(inherited)",
					"@executable_path/Frameworks",
					"@loader_path/Frameworks",
				);
				PRODUCT_BUNDLE_IDENTIFIER = "codetoanbug.com.-5SimpleTableUITests";
				PRODUCT_NAME = "$(TARGET_NAME)";
				SWIFT_VERSION = 5.0;
				TARGETED_DEVICE_FAMILY = "1,2";
				TEST_TARGET_NAME = 05SimpleTable;
			};
			name = Release;
		};
/* End XCBuildConfiguration section */

/* Begin XCConfigurationList section */
		2223806226FEB001006A7DB9 /* Build configuration list for PBXProject "05SimpleTable" */ = {
			isa = XCConfigurationList;
			buildConfigurations = (
				2223808F26FEB008006A7DB9 /* Debug */,
				2223809026FEB008006A7DB9 /* Release */,
			);
			defaultConfigurationIsVisible = 0;
			defaultConfigurationName = Release;
		};
		2223809126FEB008006A7DB9 /* Build configuration list for PBXNativeTarget "05SimpleTable" */ = {
			isa = XCConfigurationList;
			buildConfigurations = (
				2223809226FEB008006A7DB9 /* Debug */,
				2223809326FEB008006A7DB9 /* Release */,
			);
			defaultConfigurationIsVisible = 0;
			defaultConfigurationName = Release;
		};
		2223809426FEB008006A7DB9 /* Build configuration list for PBXNativeTarget "05SimpleTableTests" */ = {
			isa = XCConfigurationList;
			buildConfigurations = (
				2223809526FEB008006A7DB9 /* Debug */,
				2223809626FEB008006A7DB9 /* Release */,
			);
			defaultConfigurationIsVisible = 0;
			defaultConfigurationName = Release;
		};
		2223809726FEB008006A7DB9 /* Build configuration list for PBXNativeTarget "05SimpleTableUITests" */ = {
			isa = XCConfigurationList;
			buildConfigurations = (
				2223809826FEB008006A7DB9 /* Debug */,
				2223809926FEB008006A7DB9 /* Release */,
			);
			defaultConfigurationIsVisible = 0;
			defaultConfigurationName = Release;
		};
/* End XCConfigurationList section */

/* Begin XCRemoteSwiftPackageReference section */
		222380B026FECAAD006A7DB9 /* XCRemoteSwiftPackageReference "FSCalendar" */ = {
			isa = XCRemoteSwiftPackageReference;
			repositoryURL = "https://github.com/WenchaoD/FSCalendar.git";
			requirement = {
				kind = upToNextMajorVersion;
				minimumVersion = 2.8.2;
			};
		};
/* End XCRemoteSwiftPackageReference section */

/* Begin XCSwiftPackageProductDependency section */
		222380B126FECAAD006A7DB9 /* FSCalendar */ = {
			isa = XCSwiftPackageProductDependency;
			package = 222380B026FECAAD006A7DB9 /* XCRemoteSwiftPackageReference "FSCalendar" */;
			productName = FSCalendar;
		};
/* End XCSwiftPackageProductDependency section */
	};
	rootObject = 2223805F26FEB001006A7DB9 /* Project object */;
}
